// !$*UTF8*$!
{
	archiveVersion = 1;
	classes = {
	};
	objectVersion = 46;
	objects = {

/* Begin PBXBuildFile section */
		0F1EB52D1DDFE8C50BFE54C5 /* libPods-flux.a in Frameworks */ = {isa = PBXBuildFile; fileRef = 0D60D1698722BA7AB93D8769 /* libPods-flux.a */; };
		DA0157201C6A691900FAC166 /* flux.db in Resources */ = {isa = PBXBuildFile; fileRef = DA0156CD1C6A691900FAC166 /* flux.db */; };
		DA0157231C6A691900FAC166 /* analytics.plist in Resources */ = {isa = PBXBuildFile; fileRef = DA0156D41C6A691900FAC166 /* analytics.plist */; };
		DA0157241C6A691900FAC166 /* defs.plist in Resources */ = {isa = PBXBuildFile; fileRef = DA0156D51C6A691900FAC166 /* defs.plist */; };
		DA0157251C6A691900FAC166 /* Localizable.strings in Resources */ = {isa = PBXBuildFile; fileRef = DA0156D61C6A691900FAC166 /* Localizable.strings */; };
		DA0157261C6A691900FAC166 /* appdel.m in Sources */ = {isa = PBXBuildFile; fileRef = DA0156DB1C6A691900FAC166 /* appdel.m */; };
		DA0157271C6A691900FAC166 /* Info.plist in Resources */ = {isa = PBXBuildFile; fileRef = DA0156DC1C6A691900FAC166 /* Info.plist */; };
		DA0157281C6A691900FAC166 /* main.m in Sources */ = {isa = PBXBuildFile; fileRef = DA0156DD1C6A691900FAC166 /* main.m */; };
		DA0157291C6A691900FAC166 /* analytics.m in Sources */ = {isa = PBXBuildFile; fileRef = DA0156E01C6A691900FAC166 /* analytics.m */; };
		DA01572A1C6A691900FAC166 /* tools.m in Sources */ = {isa = PBXBuildFile; fileRef = DA0156E41C6A691900FAC166 /* tools.m */; };
		DA01572B1C6A691900FAC166 /* updater.m in Sources */ = {isa = PBXBuildFile; fileRef = DA0156E61C6A691900FAC166 /* updater.m */; };
		DA01572C1C6A691900FAC166 /* libdb.a in Frameworks */ = {isa = PBXBuildFile; fileRef = DA0156EC1C6A691900FAC166 /* libdb.a */; };
		DA01572D1C6A691900FAC166 /* libtimerbg.a in Frameworks */ = {isa = PBXBuildFile; fileRef = DA0156ED1C6A691900FAC166 /* libtimerbg.a */; };
		DA0157301C6A691900FAC166 /* cmain.m in Sources */ = {isa = PBXBuildFile; fileRef = DA0156FB1C6A691900FAC166 /* cmain.m */; };
		DA0157311C6A691900FAC166 /* crate.m in Sources */ = {isa = PBXBuildFile; fileRef = DA0156FD1C6A691900FAC166 /* crate.m */; };
		DA0157321C6A691900FAC166 /* cpages.m in Sources */ = {isa = PBXBuildFile; fileRef = DA0157001C6A691900FAC166 /* cpages.m */; };
		DA0157331C6A691900FAC166 /* mdb.m in Sources */ = {isa = PBXBuildFile; fileRef = DA0157041C6A691900FAC166 /* mdb.m */; };
		DA0157341C6A691900FAC166 /* mdbcreate.m in Sources */ = {isa = PBXBuildFile; fileRef = DA0157061C6A691900FAC166 /* mdbcreate.m */; };
		DA0157351C6A691900FAC166 /* mdirs.m in Sources */ = {isa = PBXBuildFile; fileRef = DA0157091C6A691900FAC166 /* mdirs.m */; };
		DA0157361C6A691900FAC166 /* valert.m in Sources */ = {isa = PBXBuildFile; fileRef = DA0157101C6A691900FAC166 /* valert.m */; };
		DA0157371C6A691900FAC166 /* vblur.m in Sources */ = {isa = PBXBuildFile; fileRef = DA0157131C6A691900FAC166 /* vblur.m */; };
		DA0157381C6A691900FAC166 /* viewbase.m in Sources */ = {isa = PBXBuildFile; fileRef = DA0157151C6A691900FAC166 /* viewbase.m */; };
		DA0157391C6A691900FAC166 /* vspinner.m in Sources */ = {isa = PBXBuildFile; fileRef = DA0157171C6A691900FAC166 /* vspinner.m */; };
		DA01573A1C6A691900FAC166 /* vrate.m in Sources */ = {isa = PBXBuildFile; fileRef = DA01571A1C6A691900FAC166 /* vrate.m */; };
		DA01573B1C6A691900FAC166 /* vratemenu.m in Sources */ = {isa = PBXBuildFile; fileRef = DA01571C1C6A691900FAC166 /* vratemenu.m */; };
		DA01573C1C6A691900FAC166 /* vratemenucel.m in Sources */ = {isa = PBXBuildFile; fileRef = DA01571E1C6A691900FAC166 /* vratemenucel.m */; };
		DA0157411C6A694300FAC166 /* in in Resources */ = {isa = PBXBuildFile; fileRef = DA0157401C6A694300FAC166 /* in */; };
		DA30A8301C6A6DE1004F5828 /* Images.xcassets in Resources */ = {isa = PBXBuildFile; fileRef = DA30A82F1C6A6DE1004F5828 /* Images.xcassets */; };
		DA30A8341C6A708E004F5828 /* cflow.m in Sources */ = {isa = PBXBuildFile; fileRef = DA30A8331C6A708E004F5828 /* cflow.m */; };
		DA30A8381C6A9303004F5828 /* vflow.m in Sources */ = {isa = PBXBuildFile; fileRef = DA30A8371C6A9303004F5828 /* vflow.m */; };
		DA30A83B1C6A9376004F5828 /* vflowett.m in Sources */ = {isa = PBXBuildFile; fileRef = DA30A83A1C6A9376004F5828 /* vflowett.m */; };
		DA30A83E1C6A93FB004F5828 /* vflowettcon.m in Sources */ = {isa = PBXBuildFile; fileRef = DA30A83D1C6A93FB004F5828 /* vflowettcon.m */; };
		DA402AA91C6E3546001DB033 /* sflowlines.m in Sources */ = {isa = PBXBuildFile; fileRef = DA402AA81C6E3546001DB033 /* sflowlines.m */; };
		DA402AAD1C6E37A8001DB033 /* sflowlinesleft.m in Sources */ = {isa = PBXBuildFile; fileRef = DA402AAC1C6E37A8001DB033 /* sflowlinesleft.m */; };
		DA402AB01C6E37B2001DB033 /* sflowlinesright.m in Sources */ = {isa = PBXBuildFile; fileRef = DA402AAF1C6E37B2001DB033 /* sflowlinesright.m */; };
		DA402AB61C6E4B2C001DB033 /* sflowlinesup.m in Sources */ = {isa = PBXBuildFile; fileRef = DA402AB51C6E4B2C001DB033 /* sflowlinesup.m */; };
		DA402AB91C6E4B36001DB033 /* sflowlinesdown.m in Sources */ = {isa = PBXBuildFile; fileRef = DA402AB81C6E4B36001DB033 /* sflowlinesdown.m */; };
		DA87C5401C6BBB8B00796D79 /* vflowline.m in Sources */ = {isa = PBXBuildFile; fileRef = DA87C53F1C6BBB8B00796D79 /* vflowline.m */; };
		DA87C5491C6BD3DB00796D79 /* mflowlinesitem.m in Sources */ = {isa = PBXBuildFile; fileRef = DA87C5481C6BD3DB00796D79 /* mflowlinesitem.m */; };
		DA87C54C1C6C12AA00796D79 /* vflowcontent.m in Sources */ = {isa = PBXBuildFile; fileRef = DA87C54B1C6C12AA00796D79 /* vflowcontent.m */; };
		DA87C54F1C6C444F00796D79 /* mflowettlist.m in Sources */ = {isa = PBXBuildFile; fileRef = DA87C54E1C6C444F00796D79 /* mflowettlist.m */; };
		DA87C5521C6C4C5D00796D79 /* mflowlinesitemlist.m in Sources */ = {isa = PBXBuildFile; fileRef = DA87C5511C6C4C5D00796D79 /* mflowlinesitemlist.m */; };
		DAA2DCE61C6ED02300CF2B8E /* close.png in Resources */ = {isa = PBXBuildFile; fileRef = DAA2DCE31C6ED02300CF2B8E /* close.png */; };
		DAA2DCE71C6ED02300CF2B8E /* close@2x.png in Resources */ = {isa = PBXBuildFile; fileRef = DAA2DCE41C6ED02300CF2B8E /* close@2x.png */; };
		DAA2DCE81C6ED02300CF2B8E /* close@3x.png in Resources */ = {isa = PBXBuildFile; fileRef = DAA2DCE51C6ED02300CF2B8E /* close@3x.png */; };
		DAA2DCEB1C6F8B7600CF2B8E /* vflowtext.m in Sources */ = {isa = PBXBuildFile; fileRef = DAA2DCEA1C6F8B7600CF2B8E /* vflowtext.m */; };
		DAA2DCEE1C6F908700CF2B8E /* mflowettio.m in Sources */ = {isa = PBXBuildFile; fileRef = DAA2DCED1C6F908700CF2B8E /* mflowettio.m */; };
		DAA2DCF11C6F909700CF2B8E /* mflowettpro.m in Sources */ = {isa = PBXBuildFile; fileRef = DAA2DCF01C6F909700CF2B8E /* mflowettpro.m */; };
		DAA2DCF41C6FFAE400CF2B8E /* vflowfield.m in Sources */ = {isa = PBXBuildFile; fileRef = DAA2DCF31C6FFAE400CF2B8E /* vflowfield.m */; };
		DAB837A81C6AAB4400730B67 /* mflow.m in Sources */ = {isa = PBXBuildFile; fileRef = DAB837A71C6AAB4400730B67 /* mflow.m */; };
		DAB837AB1C6AAB6600730B67 /* mflowett.m in Sources */ = {isa = PBXBuildFile; fileRef = DAB837AA1C6AAB6600730B67 /* mflowett.m */; };
		DAB837AE1C6AAB9C00730B67 /* mflowettcon.m in Sources */ = {isa = PBXBuildFile; fileRef = DAB837AD1C6AAB9C00730B67 /* mflowettcon.m */; };
		DAB837B11C6AAD1B00730B67 /* vflowpoint.m in Sources */ = {isa = PBXBuildFile; fileRef = DAB837B01C6AAD1B00730B67 /* vflowpoint.m */; };
		DAB837B41C6AB69100730B67 /* mflowpoints.m in Sources */ = {isa = PBXBuildFile; fileRef = DAB837B31C6AB69100730B67 /* mflowpoints.m */; };
		DAB837B71C6AB6AB00730B67 /* mflowpointsitem.m in Sources */ = {isa = PBXBuildFile; fileRef = DAB837B61C6AB6AB00730B67 /* mflowpointsitem.m */; };
		DAB837BA1C6AC15100730B67 /* vflowcatalogett.m in Sources */ = {isa = PBXBuildFile; fileRef = DAB837B91C6AC15100730B67 /* vflowcatalogett.m */; };
		DAB837BD1C6AC20400730B67 /* mflowetttypes.m in Sources */ = {isa = PBXBuildFile; fileRef = DAB837BC1C6AC20400730B67 /* mflowetttypes.m */; };
		DAB837C11C6AC37100730B67 /* mflowetttypescon.m in Sources */ = {isa = PBXBuildFile; fileRef = DAB837C01C6AC37100730B67 /* mflowetttypescon.m */; };
		DAB837C41C6AC3F200730B67 /* mflowetttypespro.m in Sources */ = {isa = PBXBuildFile; fileRef = DAB837C31C6AC3F200730B67 /* mflowetttypespro.m */; };
		DAB837C71C6AC56D00730B67 /* vflowcatalogettcel.m in Sources */ = {isa = PBXBuildFile; fileRef = DAB837C61C6AC56D00730B67 /* vflowcatalogettcel.m */; };
		DAB837CB1C6AD6F700730B67 /* connector.png in Resources */ = {isa = PBXBuildFile; fileRef = DAB837C81C6AD6F700730B67 /* connector.png */; };
		DAB837CC1C6AD6F700730B67 /* connector@2x.png in Resources */ = {isa = PBXBuildFile; fileRef = DAB837C91C6AD6F700730B67 /* connector@2x.png */; };
		DAB837CD1C6AD6F700730B67 /* connector@3x.png in Resources */ = {isa = PBXBuildFile; fileRef = DAB837CA1C6AD6F700730B67 /* connector@3x.png */; };
		DAB837D11C6AD91300730B67 /* process.png in Resources */ = {isa = PBXBuildFile; fileRef = DAB837CE1C6AD91300730B67 /* process.png */; };
		DAB837D21C6AD91300730B67 /* process@2x.png in Resources */ = {isa = PBXBuildFile; fileRef = DAB837CF1C6AD91300730B67 /* process@2x.png */; };
		DAB837D31C6AD91300730B67 /* process@3x.png in Resources */ = {isa = PBXBuildFile; fileRef = DAB837D01C6AD91300730B67 /* process@3x.png */; };
		DAB837DA1C6ADAB000730B67 /* decision.png in Resources */ = {isa = PBXBuildFile; fileRef = DAB837D41C6ADAB000730B67 /* decision.png */; };
		DAB837DB1C6ADAB000730B67 /* decision@2x.png in Resources */ = {isa = PBXBuildFile; fileRef = DAB837D51C6ADAB000730B67 /* decision@2x.png */; };
		DAB837DC1C6ADAB000730B67 /* decision@3x.png in Resources */ = {isa = PBXBuildFile; fileRef = DAB837D61C6ADAB000730B67 /* decision@3x.png */; };
		DAB837DD1C6ADAB000730B67 /* io.png in Resources */ = {isa = PBXBuildFile; fileRef = DAB837D71C6ADAB000730B67 /* io.png */; };
		DAB837DE1C6ADAB000730B67 /* io@2x.png in Resources */ = {isa = PBXBuildFile; fileRef = DAB837D81C6ADAB000730B67 /* io@2x.png */; };
		DAB837DF1C6ADAB000730B67 /* io@3x.png in Resources */ = {isa = PBXBuildFile; fileRef = DAB837D91C6ADAB000730B67 /* io@3x.png */; };
		DAB837E21C6ADB1B00730B67 /* mflowetttypesdec.m in Sources */ = {isa = PBXBuildFile; fileRef = DAB837E11C6ADB1B00730B67 /* mflowetttypesdec.m */; };
		DAB837E51C6ADB2900730B67 /* mflowetttypesio.m in Sources */ = {isa = PBXBuildFile; fileRef = DAB837E41C6ADB2900730B67 /* mflowetttypesio.m */; };
		DAD4820E1C7245380063C150 /* cflowdetail.m in Sources */ = {isa = PBXBuildFile; fileRef = DAD4820D1C7245380063C150 /* cflowdetail.m */; };
		DAD482121C7246DE0063C150 /* vflowdetail.m in Sources */ = {isa = PBXBuildFile; fileRef = DAD482111C7246DE0063C150 /* vflowdetail.m */; };
		DAD482151C72A8350063C150 /* vflowdetailmenu.m in Sources */ = {isa = PBXBuildFile; fileRef = DAD482141C72A8350063C150 /* vflowdetailmenu.m */; };
		DAD4821B1C72A8830063C150 /* vflowdetailmenucel.m in Sources */ = {isa = PBXBuildFile; fileRef = DAD4821A1C72A8830063C150 /* vflowdetailmenucel.m */; };
		DAD482291C72AAFC0063C150 /* mflowdetail.m in Sources */ = {isa = PBXBuildFile; fileRef = DAD482281C72AAFC0063C150 /* mflowdetail.m */; };
		DAD4822C1C72AB080063C150 /* mflowdetailsave.m in Sources */ = {isa = PBXBuildFile; fileRef = DAD4822B1C72AB080063C150 /* mflowdetailsave.m */; };
		DAD4822F1C72AB120063C150 /* mflowdetailexport.m in Sources */ = {isa = PBXBuildFile; fileRef = DAD4822E1C72AB120063C150 /* mflowdetailexport.m */; };
		DAD482341C72C1310063C150 /* clist.m in Sources */ = {isa = PBXBuildFile; fileRef = DAD482331C72C1310063C150 /* clist.m */; };
		DAD482381C72C18F0063C150 /* vlist.m in Sources */ = {isa = PBXBuildFile; fileRef = DAD482371C72C18F0063C150 /* vlist.m */; };
		DAD4823B1C72C1A60063C150 /* vlistcel.m in Sources */ = {isa = PBXBuildFile; fileRef = DAD4823A1C72C1A60063C150 /* vlistcel.m */; };
		DAEACBB01C6CEF380047ABF0 /* vflowcatalogcolor.m in Sources */ = {isa = PBXBuildFile; fileRef = DAEACBAF1C6CEF380047ABF0 /* vflowcatalogcolor.m */; };
		DAEACBB31C6CEF4C0047ABF0 /* vflowcatalogcolorcel.m in Sources */ = {isa = PBXBuildFile; fileRef = DAEACBB21C6CEF4C0047ABF0 /* vflowcatalogcolorcel.m */; };
		DAEACBB71C6CF19F0047ABF0 /* mflowcolors.m in Sources */ = {isa = PBXBuildFile; fileRef = DAEACBB61C6CF19F0047ABF0 /* mflowcolors.m */; };
		DAEACBBB1C6CF1E10047ABF0 /* mflowcolorsmain.m in Sources */ = {isa = PBXBuildFile; fileRef = DAEACBBA1C6CF1E10047ABF0 /* mflowcolorsmain.m */; };
		DAEACBBE1C6CF1EE0047ABF0 /* mflowcolorsblue.m in Sources */ = {isa = PBXBuildFile; fileRef = DAEACBBD1C6CF1EE0047ABF0 /* mflowcolorsblue.m */; };
		DAEACBC11C6CF1FD0047ABF0 /* mflowcolorsgreen.m in Sources */ = {isa = PBXBuildFile; fileRef = DAEACBC01C6CF1FD0047ABF0 /* mflowcolorsgreen.m */; };
		DAEACBC41C6CF20F0047ABF0 /* mflowcolorsyellow.m in Sources */ = {isa = PBXBuildFile; fileRef = DAEACBC31C6CF20F0047ABF0 /* mflowcolorsyellow.m */; };
		DAEACBC71C6CF21C0047ABF0 /* mflowcolorsviolet.m in Sources */ = {isa = PBXBuildFile; fileRef = DAEACBC61C6CF21C0047ABF0 /* mflowcolorsviolet.m */; };
		DAEACBCA1C6CF2290047ABF0 /* mflowcolorsgrey.m in Sources */ = {isa = PBXBuildFile; fileRef = DAEACBC91C6CF2290047ABF0 /* mflowcolorsgrey.m */; };
		DAEACBCD1C6CF2400047ABF0 /* mflowcolorspink.m in Sources */ = {isa = PBXBuildFile; fileRef = DAEACBCC1C6CF2400047ABF0 /* mflowcolorspink.m */; };
		DAEACBD01C6D64770047ABF0 /* mflowettdec.m in Sources */ = {isa = PBXBuildFile; fileRef = DAEACBCF1C6D64770047ABF0 /* mflowettdec.m */; };
		DAEACBD31C6D6D9F0047ABF0 /* mflowtext.m in Sources */ = {isa = PBXBuildFile; fileRef = DAEACBD21C6D6D9F0047ABF0 /* mflowtext.m */; };
		DAEACBD61C6D74F10047ABF0 /* vflowstopchoosing.m in Sources */ = {isa = PBXBuildFile; fileRef = DAEACBD51C6D74F10047ABF0 /* vflowstopchoosing.m */; };
/* End PBXBuildFile section */

/* Begin PBXFileReference section */
		0D60D1698722BA7AB93D8769 /* libPods-flux.a */ = {isa = PBXFileReference; explicitFileType = archive.ar; includeInIndex = 0; path = "libPods-flux.a"; sourceTree = BUILT_PRODUCTS_DIR; };
		529AB1EEDB596610CE66AC6A /* Pods-flux.release.xcconfig */ = {isa = PBXFileReference; includeInIndex = 1; lastKnownFileType = text.xcconfig; name = "Pods-flux.release.xcconfig"; path = "Pods/Target Support Files/Pods-flux/Pods-flux.release.xcconfig"; sourceTree = "<group>"; };
		AAF852B4A434BEC12240BC1D /* Pods-flux.debug.xcconfig */ = {isa = PBXFileReference; includeInIndex = 1; lastKnownFileType = text.xcconfig; name = "Pods-flux.debug.xcconfig"; path = "Pods/Target Support Files/Pods-flux/Pods-flux.debug.xcconfig"; sourceTree = "<group>"; };
		DA0156B21C6A68B700FAC166 /* flux.app */ = {isa = PBXFileReference; explicitFileType = wrapper.application; includeInIndex = 0; path = flux.app; sourceTree = BUILT_PRODUCTS_DIR; };
		DA0156CD1C6A691900FAC166 /* flux.db */ = {isa = PBXFileReference; fileEncoding = 4; lastKnownFileType = text; path = flux.db; sourceTree = "<group>"; };
		DA0156D41C6A691900FAC166 /* analytics.plist */ = {isa = PBXFileReference; fileEncoding = 4; lastKnownFileType = text.plist.xml; path = analytics.plist; sourceTree = "<group>"; };
		DA0156D51C6A691900FAC166 /* defs.plist */ = {isa = PBXFileReference; fileEncoding = 4; lastKnownFileType = text.plist.xml; path = defs.plist; sourceTree = "<group>"; };
		DA0156D71C6A691900FAC166 /* en */ = {isa = PBXFileReference; lastKnownFileType = text.plist.strings; name = en; path = en.lproj/Localizable.strings; sourceTree = "<group>"; };
		DA0156DA1C6A691900FAC166 /* appdel.h */ = {isa = PBXFileReference; fileEncoding = 4; lastKnownFileType = sourcecode.c.h; path = appdel.h; sourceTree = "<group>"; };
		DA0156DB1C6A691900FAC166 /* appdel.m */ = {isa = PBXFileReference; fileEncoding = 4; lastKnownFileType = sourcecode.c.objc; path = appdel.m; sourceTree = "<group>"; };
		DA0156DC1C6A691900FAC166 /* Info.plist */ = {isa = PBXFileReference; fileEncoding = 4; lastKnownFileType = text.plist.xml; path = Info.plist; sourceTree = "<group>"; };
		DA0156DD1C6A691900FAC166 /* main.m */ = {isa = PBXFileReference; fileEncoding = 4; lastKnownFileType = sourcecode.c.objc; path = main.m; sourceTree = "<group>"; };
		DA0156DF1C6A691900FAC166 /* analytics.h */ = {isa = PBXFileReference; fileEncoding = 4; lastKnownFileType = sourcecode.c.h; path = analytics.h; sourceTree = "<group>"; };
		DA0156E01C6A691900FAC166 /* analytics.m */ = {isa = PBXFileReference; fileEncoding = 4; lastKnownFileType = sourcecode.c.objc; path = analytics.m; sourceTree = "<group>"; };
		DA0156E11C6A691900FAC166 /* constants.h */ = {isa = PBXFileReference; fileEncoding = 4; lastKnownFileType = sourcecode.c.h; path = constants.h; sourceTree = "<group>"; };
		DA0156E21C6A691900FAC166 /* generic.h */ = {isa = PBXFileReference; fileEncoding = 4; lastKnownFileType = sourcecode.c.h; path = generic.h; sourceTree = "<group>"; };
		DA0156E31C6A691900FAC166 /* tools.h */ = {isa = PBXFileReference; fileEncoding = 4; lastKnownFileType = sourcecode.c.h; path = tools.h; sourceTree = "<group>"; };
		DA0156E41C6A691900FAC166 /* tools.m */ = {isa = PBXFileReference; fileEncoding = 4; lastKnownFileType = sourcecode.c.objc; path = tools.m; sourceTree = "<group>"; };
		DA0156E51C6A691900FAC166 /* updater.h */ = {isa = PBXFileReference; fileEncoding = 4; lastKnownFileType = sourcecode.c.h; path = updater.h; sourceTree = "<group>"; };
		DA0156E61C6A691900FAC166 /* updater.m */ = {isa = PBXFileReference; fileEncoding = 4; lastKnownFileType = sourcecode.c.objc; path = updater.m; sourceTree = "<group>"; };
		DA0156E91C6A691900FAC166 /* db.h */ = {isa = PBXFileReference; fileEncoding = 4; lastKnownFileType = sourcecode.c.h; path = db.h; sourceTree = "<group>"; };
		DA0156EB1C6A691900FAC166 /* timerbg.h */ = {isa = PBXFileReference; fileEncoding = 4; lastKnownFileType = sourcecode.c.h; path = timerbg.h; sourceTree = "<group>"; };
		DA0156EC1C6A691900FAC166 /* libdb.a */ = {isa = PBXFileReference; lastKnownFileType = archive.ar; path = libdb.a; sourceTree = "<group>"; };
		DA0156ED1C6A691900FAC166 /* libtimerbg.a */ = {isa = PBXFileReference; lastKnownFileType = archive.ar; path = libtimerbg.a; sourceTree = "<group>"; };
		DA0156F31C6A691900FAC166 /* c.h */ = {isa = PBXFileReference; fileEncoding = 4; lastKnownFileType = sourcecode.c.h; path = c.h; sourceTree = "<group>"; };
		DA0156FA1C6A691900FAC166 /* cmain.h */ = {isa = PBXFileReference; fileEncoding = 4; lastKnownFileType = sourcecode.c.h; path = cmain.h; sourceTree = "<group>"; };
		DA0156FB1C6A691900FAC166 /* cmain.m */ = {isa = PBXFileReference; fileEncoding = 4; lastKnownFileType = sourcecode.c.objc; path = cmain.m; sourceTree = "<group>"; };
		DA0156FC1C6A691900FAC166 /* crate.h */ = {isa = PBXFileReference; fileEncoding = 4; lastKnownFileType = sourcecode.c.h; path = crate.h; sourceTree = "<group>"; };
		DA0156FD1C6A691900FAC166 /* crate.m */ = {isa = PBXFileReference; fileEncoding = 4; lastKnownFileType = sourcecode.c.objc; path = crate.m; sourceTree = "<group>"; };
		DA0156FF1C6A691900FAC166 /* cpages.h */ = {isa = PBXFileReference; fileEncoding = 4; lastKnownFileType = sourcecode.c.h; path = cpages.h; sourceTree = "<group>"; };
		DA0157001C6A691900FAC166 /* cpages.m */ = {isa = PBXFileReference; fileEncoding = 4; lastKnownFileType = sourcecode.c.objc; path = cpages.m; sourceTree = "<group>"; };
		DA0157031C6A691900FAC166 /* mdb.h */ = {isa = PBXFileReference; fileEncoding = 4; lastKnownFileType = sourcecode.c.h; path = mdb.h; sourceTree = "<group>"; };
		DA0157041C6A691900FAC166 /* mdb.m */ = {isa = PBXFileReference; fileEncoding = 4; lastKnownFileType = sourcecode.c.objc; path = mdb.m; sourceTree = "<group>"; };
		DA0157051C6A691900FAC166 /* mdbcreate.h */ = {isa = PBXFileReference; fileEncoding = 4; lastKnownFileType = sourcecode.c.h; path = mdbcreate.h; sourceTree = "<group>"; };
		DA0157061C6A691900FAC166 /* mdbcreate.m */ = {isa = PBXFileReference; fileEncoding = 4; lastKnownFileType = sourcecode.c.objc; path = mdbcreate.m; sourceTree = "<group>"; };
		DA0157081C6A691900FAC166 /* mdirs.h */ = {isa = PBXFileReference; fileEncoding = 4; lastKnownFileType = sourcecode.c.h; path = mdirs.h; sourceTree = "<group>"; };
		DA0157091C6A691900FAC166 /* mdirs.m */ = {isa = PBXFileReference; fileEncoding = 4; lastKnownFileType = sourcecode.c.objc; path = mdirs.m; sourceTree = "<group>"; };
		DA01570B1C6A691900FAC166 /* mgeneral.h */ = {isa = PBXFileReference; fileEncoding = 4; lastKnownFileType = sourcecode.c.h; path = mgeneral.h; sourceTree = "<group>"; };
		DA01570C1C6A691900FAC166 /* m.h */ = {isa = PBXFileReference; fileEncoding = 4; lastKnownFileType = sourcecode.c.h; path = m.h; sourceTree = "<group>"; };
		DA01570F1C6A691900FAC166 /* valert.h */ = {isa = PBXFileReference; fileEncoding = 4; lastKnownFileType = sourcecode.c.h; path = valert.h; sourceTree = "<group>"; };
		DA0157101C6A691900FAC166 /* valert.m */ = {isa = PBXFileReference; fileEncoding = 4; lastKnownFileType = sourcecode.c.objc; path = valert.m; sourceTree = "<group>"; };
		DA0157121C6A691900FAC166 /* vblur.h */ = {isa = PBXFileReference; fileEncoding = 4; lastKnownFileType = sourcecode.c.h; path = vblur.h; sourceTree = "<group>"; };
		DA0157131C6A691900FAC166 /* vblur.m */ = {isa = PBXFileReference; fileEncoding = 4; lastKnownFileType = sourcecode.c.objc; path = vblur.m; sourceTree = "<group>"; };
		DA0157141C6A691900FAC166 /* viewbase.h */ = {isa = PBXFileReference; fileEncoding = 4; lastKnownFileType = sourcecode.c.h; path = viewbase.h; sourceTree = "<group>"; };
		DA0157151C6A691900FAC166 /* viewbase.m */ = {isa = PBXFileReference; fileEncoding = 4; lastKnownFileType = sourcecode.c.objc; path = viewbase.m; sourceTree = "<group>"; };
		DA0157161C6A691900FAC166 /* vspinner.h */ = {isa = PBXFileReference; fileEncoding = 4; lastKnownFileType = sourcecode.c.h; path = vspinner.h; sourceTree = "<group>"; };
		DA0157171C6A691900FAC166 /* vspinner.m */ = {isa = PBXFileReference; fileEncoding = 4; lastKnownFileType = sourcecode.c.objc; path = vspinner.m; sourceTree = "<group>"; };
		DA0157191C6A691900FAC166 /* vrate.h */ = {isa = PBXFileReference; fileEncoding = 4; lastKnownFileType = sourcecode.c.h; path = vrate.h; sourceTree = "<group>"; };
		DA01571A1C6A691900FAC166 /* vrate.m */ = {isa = PBXFileReference; fileEncoding = 4; lastKnownFileType = sourcecode.c.objc; path = vrate.m; sourceTree = "<group>"; };
		DA01571B1C6A691900FAC166 /* vratemenu.h */ = {isa = PBXFileReference; fileEncoding = 4; lastKnownFileType = sourcecode.c.h; path = vratemenu.h; sourceTree = "<group>"; };
		DA01571C1C6A691900FAC166 /* vratemenu.m */ = {isa = PBXFileReference; fileEncoding = 4; lastKnownFileType = sourcecode.c.objc; path = vratemenu.m; sourceTree = "<group>"; };
		DA01571D1C6A691900FAC166 /* vratemenucel.h */ = {isa = PBXFileReference; fileEncoding = 4; lastKnownFileType = sourcecode.c.h; path = vratemenucel.h; sourceTree = "<group>"; };
		DA01571E1C6A691900FAC166 /* vratemenucel.m */ = {isa = PBXFileReference; fileEncoding = 4; lastKnownFileType = sourcecode.c.objc; path = vratemenucel.m; sourceTree = "<group>"; };
		DA01571F1C6A691900FAC166 /* v.h */ = {isa = PBXFileReference; fileEncoding = 4; lastKnownFileType = sourcecode.c.h; path = v.h; sourceTree = "<group>"; };
		DA0157401C6A694300FAC166 /* in */ = {isa = PBXFileReference; lastKnownFileType = folder; path = in; sourceTree = "<group>"; };
		DA0157461C6A6B2000FAC166 /* es */ = {isa = PBXFileReference; lastKnownFileType = text.plist.strings; name = es; path = es.lproj/Localizable.strings; sourceTree = "<group>"; };
		DA30A82F1C6A6DE1004F5828 /* Images.xcassets */ = {isa = PBXFileReference; lastKnownFileType = folder.assetcatalog; path = Images.xcassets; sourceTree = "<group>"; };
		DA30A8321C6A708E004F5828 /* cflow.h */ = {isa = PBXFileReference; fileEncoding = 4; lastKnownFileType = sourcecode.c.h; path = cflow.h; sourceTree = "<group>"; };
		DA30A8331C6A708E004F5828 /* cflow.m */ = {isa = PBXFileReference; fileEncoding = 4; lastKnownFileType = sourcecode.c.objc; path = cflow.m; sourceTree = "<group>"; };
		DA30A8361C6A9303004F5828 /* vflow.h */ = {isa = PBXFileReference; fileEncoding = 4; lastKnownFileType = sourcecode.c.h; path = vflow.h; sourceTree = "<group>"; };
		DA30A8371C6A9303004F5828 /* vflow.m */ = {isa = PBXFileReference; fileEncoding = 4; lastKnownFileType = sourcecode.c.objc; path = vflow.m; sourceTree = "<group>"; };
		DA30A8391C6A9376004F5828 /* vflowett.h */ = {isa = PBXFileReference; fileEncoding = 4; lastKnownFileType = sourcecode.c.h; path = vflowett.h; sourceTree = "<group>"; };
		DA30A83A1C6A9376004F5828 /* vflowett.m */ = {isa = PBXFileReference; fileEncoding = 4; lastKnownFileType = sourcecode.c.objc; path = vflowett.m; sourceTree = "<group>"; };
		DA30A83C1C6A93FB004F5828 /* vflowettcon.h */ = {isa = PBXFileReference; fileEncoding = 4; lastKnownFileType = sourcecode.c.h; path = vflowettcon.h; sourceTree = "<group>"; };
		DA30A83D1C6A93FB004F5828 /* vflowettcon.m */ = {isa = PBXFileReference; fileEncoding = 4; lastKnownFileType = sourcecode.c.objc; path = vflowettcon.m; sourceTree = "<group>"; };
		DA402AA51C6E34D1001DB033 /* s.h */ = {isa = PBXFileReference; lastKnownFileType = sourcecode.c.h; path = s.h; sourceTree = "<group>"; };
		DA402AA71C6E3546001DB033 /* sflowlines.h */ = {isa = PBXFileReference; fileEncoding = 4; lastKnownFileType = sourcecode.c.h; path = sflowlines.h; sourceTree = "<group>"; };
		DA402AA81C6E3546001DB033 /* sflowlines.m */ = {isa = PBXFileReference; fileEncoding = 4; lastKnownFileType = sourcecode.c.objc; path = sflowlines.m; sourceTree = "<group>"; };
		DA402AAA1C6E3760001DB033 /* sflowlinesprotocol.h */ = {isa = PBXFileReference; fileEncoding = 4; lastKnownFileType = sourcecode.c.h; path = sflowlinesprotocol.h; sourceTree = "<group>"; };
		DA402AAB1C6E37A8001DB033 /* sflowlinesleft.h */ = {isa = PBXFileReference; fileEncoding = 4; lastKnownFileType = sourcecode.c.h; path = sflowlinesleft.h; sourceTree = "<group>"; };
		DA402AAC1C6E37A8001DB033 /* sflowlinesleft.m */ = {isa = PBXFileReference; fileEncoding = 4; lastKnownFileType = sourcecode.c.objc; path = sflowlinesleft.m; sourceTree = "<group>"; };
		DA402AAE1C6E37B2001DB033 /* sflowlinesright.h */ = {isa = PBXFileReference; fileEncoding = 4; lastKnownFileType = sourcecode.c.h; path = sflowlinesright.h; sourceTree = "<group>"; };
		DA402AAF1C6E37B2001DB033 /* sflowlinesright.m */ = {isa = PBXFileReference; fileEncoding = 4; lastKnownFileType = sourcecode.c.objc; path = sflowlinesright.m; sourceTree = "<group>"; };
		DA402AB41C6E4B2C001DB033 /* sflowlinesup.h */ = {isa = PBXFileReference; fileEncoding = 4; lastKnownFileType = sourcecode.c.h; path = sflowlinesup.h; sourceTree = "<group>"; };
		DA402AB51C6E4B2C001DB033 /* sflowlinesup.m */ = {isa = PBXFileReference; fileEncoding = 4; lastKnownFileType = sourcecode.c.objc; path = sflowlinesup.m; sourceTree = "<group>"; };
		DA402AB71C6E4B36001DB033 /* sflowlinesdown.h */ = {isa = PBXFileReference; fileEncoding = 4; lastKnownFileType = sourcecode.c.h; path = sflowlinesdown.h; sourceTree = "<group>"; };
		DA402AB81C6E4B36001DB033 /* sflowlinesdown.m */ = {isa = PBXFileReference; fileEncoding = 4; lastKnownFileType = sourcecode.c.objc; path = sflowlinesdown.m; sourceTree = "<group>"; };
		DA44B3001C6A6C3F00767625 /* private.h */ = {isa = PBXFileReference; fileEncoding = 4; lastKnownFileType = sourcecode.c.h; path = private.h; sourceTree = "<group>"; };
		DA44B3011C6A6C3F00767625 /* privateconstants.h */ = {isa = PBXFileReference; fileEncoding = 4; lastKnownFileType = sourcecode.c.h; path = privateconstants.h; sourceTree = "<group>"; };
		DA87C53E1C6BBB8B00796D79 /* vflowline.h */ = {isa = PBXFileReference; fileEncoding = 4; lastKnownFileType = sourcecode.c.h; path = vflowline.h; sourceTree = "<group>"; };
		DA87C53F1C6BBB8B00796D79 /* vflowline.m */ = {isa = PBXFileReference; fileEncoding = 4; lastKnownFileType = sourcecode.c.objc; path = vflowline.m; sourceTree = "<group>"; };
		DA87C5471C6BD3DB00796D79 /* mflowlinesitem.h */ = {isa = PBXFileReference; fileEncoding = 4; lastKnownFileType = sourcecode.c.h; path = mflowlinesitem.h; sourceTree = "<group>"; };
		DA87C5481C6BD3DB00796D79 /* mflowlinesitem.m */ = {isa = PBXFileReference; fileEncoding = 4; lastKnownFileType = sourcecode.c.objc; path = mflowlinesitem.m; sourceTree = "<group>"; };
		DA87C54A1C6C12AA00796D79 /* vflowcontent.h */ = {isa = PBXFileReference; fileEncoding = 4; lastKnownFileType = sourcecode.c.h; path = vflowcontent.h; sourceTree = "<group>"; };
		DA87C54B1C6C12AA00796D79 /* vflowcontent.m */ = {isa = PBXFileReference; fileEncoding = 4; lastKnownFileType = sourcecode.c.objc; path = vflowcontent.m; sourceTree = "<group>"; };
		DA87C54D1C6C444F00796D79 /* mflowettlist.h */ = {isa = PBXFileReference; fileEncoding = 4; lastKnownFileType = sourcecode.c.h; path = mflowettlist.h; sourceTree = "<group>"; };
		DA87C54E1C6C444F00796D79 /* mflowettlist.m */ = {isa = PBXFileReference; fileEncoding = 4; lastKnownFileType = sourcecode.c.objc; path = mflowettlist.m; sourceTree = "<group>"; };
		DA87C5501C6C4C5D00796D79 /* mflowlinesitemlist.h */ = {isa = PBXFileReference; fileEncoding = 4; lastKnownFileType = sourcecode.c.h; path = mflowlinesitemlist.h; sourceTree = "<group>"; };
		DA87C5511C6C4C5D00796D79 /* mflowlinesitemlist.m */ = {isa = PBXFileReference; fileEncoding = 4; lastKnownFileType = sourcecode.c.objc; path = mflowlinesitemlist.m; sourceTree = "<group>"; };
		DAA2DCE31C6ED02300CF2B8E /* close.png */ = {isa = PBXFileReference; lastKnownFileType = image.png; path = close.png; sourceTree = "<group>"; };
		DAA2DCE41C6ED02300CF2B8E /* close@2x.png */ = {isa = PBXFileReference; lastKnownFileType = image.png; path = "close@2x.png"; sourceTree = "<group>"; };
		DAA2DCE51C6ED02300CF2B8E /* close@3x.png */ = {isa = PBXFileReference; lastKnownFileType = image.png; path = "close@3x.png"; sourceTree = "<group>"; };
		DAA2DCE91C6F8B7600CF2B8E /* vflowtext.h */ = {isa = PBXFileReference; fileEncoding = 4; lastKnownFileType = sourcecode.c.h; path = vflowtext.h; sourceTree = "<group>"; };
		DAA2DCEA1C6F8B7600CF2B8E /* vflowtext.m */ = {isa = PBXFileReference; fileEncoding = 4; lastKnownFileType = sourcecode.c.objc; path = vflowtext.m; sourceTree = "<group>"; };
		DAA2DCEC1C6F908700CF2B8E /* mflowettio.h */ = {isa = PBXFileReference; fileEncoding = 4; lastKnownFileType = sourcecode.c.h; path = mflowettio.h; sourceTree = "<group>"; };
		DAA2DCED1C6F908700CF2B8E /* mflowettio.m */ = {isa = PBXFileReference; fileEncoding = 4; lastKnownFileType = sourcecode.c.objc; path = mflowettio.m; sourceTree = "<group>"; };
		DAA2DCEF1C6F909700CF2B8E /* mflowettpro.h */ = {isa = PBXFileReference; fileEncoding = 4; lastKnownFileType = sourcecode.c.h; path = mflowettpro.h; sourceTree = "<group>"; };
		DAA2DCF01C6F909700CF2B8E /* mflowettpro.m */ = {isa = PBXFileReference; fileEncoding = 4; lastKnownFileType = sourcecode.c.objc; path = mflowettpro.m; sourceTree = "<group>"; };
		DAA2DCF21C6FFAE400CF2B8E /* vflowfield.h */ = {isa = PBXFileReference; fileEncoding = 4; lastKnownFileType = sourcecode.c.h; path = vflowfield.h; sourceTree = "<group>"; };
		DAA2DCF31C6FFAE400CF2B8E /* vflowfield.m */ = {isa = PBXFileReference; fileEncoding = 4; lastKnownFileType = sourcecode.c.objc; path = vflowfield.m; sourceTree = "<group>"; };
		DAB837A61C6AAB4400730B67 /* mflow.h */ = {isa = PBXFileReference; fileEncoding = 4; lastKnownFileType = sourcecode.c.h; path = mflow.h; sourceTree = "<group>"; };
		DAB837A71C6AAB4400730B67 /* mflow.m */ = {isa = PBXFileReference; fileEncoding = 4; lastKnownFileType = sourcecode.c.objc; path = mflow.m; sourceTree = "<group>"; };
		DAB837A91C6AAB6600730B67 /* mflowett.h */ = {isa = PBXFileReference; fileEncoding = 4; lastKnownFileType = sourcecode.c.h; path = mflowett.h; sourceTree = "<group>"; };
		DAB837AA1C6AAB6600730B67 /* mflowett.m */ = {isa = PBXFileReference; fileEncoding = 4; lastKnownFileType = sourcecode.c.objc; path = mflowett.m; sourceTree = "<group>"; };
		DAB837AC1C6AAB9C00730B67 /* mflowettcon.h */ = {isa = PBXFileReference; fileEncoding = 4; lastKnownFileType = sourcecode.c.h; path = mflowettcon.h; sourceTree = "<group>"; };
		DAB837AD1C6AAB9C00730B67 /* mflowettcon.m */ = {isa = PBXFileReference; fileEncoding = 4; lastKnownFileType = sourcecode.c.objc; path = mflowettcon.m; sourceTree = "<group>"; };
		DAB837AF1C6AAD1B00730B67 /* vflowpoint.h */ = {isa = PBXFileReference; fileEncoding = 4; lastKnownFileType = sourcecode.c.h; path = vflowpoint.h; sourceTree = "<group>"; };
		DAB837B01C6AAD1B00730B67 /* vflowpoint.m */ = {isa = PBXFileReference; fileEncoding = 4; lastKnownFileType = sourcecode.c.objc; path = vflowpoint.m; sourceTree = "<group>"; };
		DAB837B21C6AB69100730B67 /* mflowpoints.h */ = {isa = PBXFileReference; fileEncoding = 4; lastKnownFileType = sourcecode.c.h; path = mflowpoints.h; sourceTree = "<group>"; };
		DAB837B31C6AB69100730B67 /* mflowpoints.m */ = {isa = PBXFileReference; fileEncoding = 4; lastKnownFileType = sourcecode.c.objc; path = mflowpoints.m; sourceTree = "<group>"; };
		DAB837B51C6AB6AB00730B67 /* mflowpointsitem.h */ = {isa = PBXFileReference; fileEncoding = 4; lastKnownFileType = sourcecode.c.h; path = mflowpointsitem.h; sourceTree = "<group>"; };
		DAB837B61C6AB6AB00730B67 /* mflowpointsitem.m */ = {isa = PBXFileReference; fileEncoding = 4; lastKnownFileType = sourcecode.c.objc; path = mflowpointsitem.m; sourceTree = "<group>"; };
		DAB837B81C6AC15100730B67 /* vflowcatalogett.h */ = {isa = PBXFileReference; fileEncoding = 4; lastKnownFileType = sourcecode.c.h; path = vflowcatalogett.h; sourceTree = "<group>"; };
		DAB837B91C6AC15100730B67 /* vflowcatalogett.m */ = {isa = PBXFileReference; fileEncoding = 4; lastKnownFileType = sourcecode.c.objc; path = vflowcatalogett.m; sourceTree = "<group>"; };
		DAB837BB1C6AC20400730B67 /* mflowetttypes.h */ = {isa = PBXFileReference; fileEncoding = 4; lastKnownFileType = sourcecode.c.h; path = mflowetttypes.h; sourceTree = "<group>"; };
		DAB837BC1C6AC20400730B67 /* mflowetttypes.m */ = {isa = PBXFileReference; fileEncoding = 4; lastKnownFileType = sourcecode.c.objc; path = mflowetttypes.m; sourceTree = "<group>"; };
		DAB837BE1C6AC21200730B67 /* mflowetttypesprotocol.h */ = {isa = PBXFileReference; fileEncoding = 4; lastKnownFileType = sourcecode.c.h; path = mflowetttypesprotocol.h; sourceTree = "<group>"; };
		DAB837BF1C6AC37100730B67 /* mflowetttypescon.h */ = {isa = PBXFileReference; fileEncoding = 4; lastKnownFileType = sourcecode.c.h; path = mflowetttypescon.h; sourceTree = "<group>"; };
		DAB837C01C6AC37100730B67 /* mflowetttypescon.m */ = {isa = PBXFileReference; fileEncoding = 4; lastKnownFileType = sourcecode.c.objc; path = mflowetttypescon.m; sourceTree = "<group>"; };
		DAB837C21C6AC3F200730B67 /* mflowetttypespro.h */ = {isa = PBXFileReference; fileEncoding = 4; lastKnownFileType = sourcecode.c.h; path = mflowetttypespro.h; sourceTree = "<group>"; };
		DAB837C31C6AC3F200730B67 /* mflowetttypespro.m */ = {isa = PBXFileReference; fileEncoding = 4; lastKnownFileType = sourcecode.c.objc; path = mflowetttypespro.m; sourceTree = "<group>"; };
		DAB837C51C6AC56D00730B67 /* vflowcatalogettcel.h */ = {isa = PBXFileReference; fileEncoding = 4; lastKnownFileType = sourcecode.c.h; path = vflowcatalogettcel.h; sourceTree = "<group>"; };
		DAB837C61C6AC56D00730B67 /* vflowcatalogettcel.m */ = {isa = PBXFileReference; fileEncoding = 4; lastKnownFileType = sourcecode.c.objc; path = vflowcatalogettcel.m; sourceTree = "<group>"; };
		DAB837C81C6AD6F700730B67 /* connector.png */ = {isa = PBXFileReference; lastKnownFileType = image.png; path = connector.png; sourceTree = "<group>"; };
		DAB837C91C6AD6F700730B67 /* connector@2x.png */ = {isa = PBXFileReference; lastKnownFileType = image.png; path = "connector@2x.png"; sourceTree = "<group>"; };
		DAB837CA1C6AD6F700730B67 /* connector@3x.png */ = {isa = PBXFileReference; lastKnownFileType = image.png; path = "connector@3x.png"; sourceTree = "<group>"; };
		DAB837CE1C6AD91300730B67 /* process.png */ = {isa = PBXFileReference; lastKnownFileType = image.png; path = process.png; sourceTree = "<group>"; };
		DAB837CF1C6AD91300730B67 /* process@2x.png */ = {isa = PBXFileReference; lastKnownFileType = image.png; path = "process@2x.png"; sourceTree = "<group>"; };
		DAB837D01C6AD91300730B67 /* process@3x.png */ = {isa = PBXFileReference; lastKnownFileType = image.png; path = "process@3x.png"; sourceTree = "<group>"; };
		DAB837D41C6ADAB000730B67 /* decision.png */ = {isa = PBXFileReference; lastKnownFileType = image.png; path = decision.png; sourceTree = "<group>"; };
		DAB837D51C6ADAB000730B67 /* decision@2x.png */ = {isa = PBXFileReference; lastKnownFileType = image.png; path = "decision@2x.png"; sourceTree = "<group>"; };
		DAB837D61C6ADAB000730B67 /* decision@3x.png */ = {isa = PBXFileReference; lastKnownFileType = image.png; path = "decision@3x.png"; sourceTree = "<group>"; };
		DAB837D71C6ADAB000730B67 /* io.png */ = {isa = PBXFileReference; lastKnownFileType = image.png; path = io.png; sourceTree = "<group>"; };
		DAB837D81C6ADAB000730B67 /* io@2x.png */ = {isa = PBXFileReference; lastKnownFileType = image.png; path = "io@2x.png"; sourceTree = "<group>"; };
		DAB837D91C6ADAB000730B67 /* io@3x.png */ = {isa = PBXFileReference; lastKnownFileType = image.png; path = "io@3x.png"; sourceTree = "<group>"; };
		DAB837E01C6ADB1B00730B67 /* mflowetttypesdec.h */ = {isa = PBXFileReference; fileEncoding = 4; lastKnownFileType = sourcecode.c.h; path = mflowetttypesdec.h; sourceTree = "<group>"; };
		DAB837E11C6ADB1B00730B67 /* mflowetttypesdec.m */ = {isa = PBXFileReference; fileEncoding = 4; lastKnownFileType = sourcecode.c.objc; path = mflowetttypesdec.m; sourceTree = "<group>"; };
		DAB837E31C6ADB2900730B67 /* mflowetttypesio.h */ = {isa = PBXFileReference; fileEncoding = 4; lastKnownFileType = sourcecode.c.h; path = mflowetttypesio.h; sourceTree = "<group>"; };
		DAB837E41C6ADB2900730B67 /* mflowetttypesio.m */ = {isa = PBXFileReference; fileEncoding = 4; lastKnownFileType = sourcecode.c.objc; path = mflowetttypesio.m; sourceTree = "<group>"; };
		DAD4820C1C7245380063C150 /* cflowdetail.h */ = {isa = PBXFileReference; fileEncoding = 4; lastKnownFileType = sourcecode.c.h; path = cflowdetail.h; sourceTree = "<group>"; };
		DAD4820D1C7245380063C150 /* cflowdetail.m */ = {isa = PBXFileReference; fileEncoding = 4; lastKnownFileType = sourcecode.c.objc; path = cflowdetail.m; sourceTree = "<group>"; };
		DAD482101C7246DE0063C150 /* vflowdetail.h */ = {isa = PBXFileReference; fileEncoding = 4; lastKnownFileType = sourcecode.c.h; path = vflowdetail.h; sourceTree = "<group>"; };
		DAD482111C7246DE0063C150 /* vflowdetail.m */ = {isa = PBXFileReference; fileEncoding = 4; lastKnownFileType = sourcecode.c.objc; path = vflowdetail.m; sourceTree = "<group>"; };
		DAD482131C72A8350063C150 /* vflowdetailmenu.h */ = {isa = PBXFileReference; fileEncoding = 4; lastKnownFileType = sourcecode.c.h; path = vflowdetailmenu.h; sourceTree = "<group>"; };
		DAD482141C72A8350063C150 /* vflowdetailmenu.m */ = {isa = PBXFileReference; fileEncoding = 4; lastKnownFileType = sourcecode.c.objc; path = vflowdetailmenu.m; sourceTree = "<group>"; };
		DAD482191C72A8830063C150 /* vflowdetailmenucel.h */ = {isa = PBXFileReference; fileEncoding = 4; lastKnownFileType = sourcecode.c.h; path = vflowdetailmenucel.h; sourceTree = "<group>"; };
		DAD4821A1C72A8830063C150 /* vflowdetailmenucel.m */ = {isa = PBXFileReference; fileEncoding = 4; lastKnownFileType = sourcecode.c.objc; path = vflowdetailmenucel.m; sourceTree = "<group>"; };
		DAD482271C72AAFC0063C150 /* mflowdetail.h */ = {isa = PBXFileReference; fileEncoding = 4; lastKnownFileType = sourcecode.c.h; path = mflowdetail.h; sourceTree = "<group>"; };
		DAD482281C72AAFC0063C150 /* mflowdetail.m */ = {isa = PBXFileReference; fileEncoding = 4; lastKnownFileType = sourcecode.c.objc; path = mflowdetail.m; sourceTree = "<group>"; };
		DAD4822A1C72AB080063C150 /* mflowdetailsave.h */ = {isa = PBXFileReference; fileEncoding = 4; lastKnownFileType = sourcecode.c.h; path = mflowdetailsave.h; sourceTree = "<group>"; };
		DAD4822B1C72AB080063C150 /* mflowdetailsave.m */ = {isa = PBXFileReference; fileEncoding = 4; lastKnownFileType = sourcecode.c.objc; path = mflowdetailsave.m; sourceTree = "<group>"; };
		DAD4822D1C72AB120063C150 /* mflowdetailexport.h */ = {isa = PBXFileReference; fileEncoding = 4; lastKnownFileType = sourcecode.c.h; path = mflowdetailexport.h; sourceTree = "<group>"; };
		DAD4822E1C72AB120063C150 /* mflowdetailexport.m */ = {isa = PBXFileReference; fileEncoding = 4; lastKnownFileType = sourcecode.c.objc; path = mflowdetailexport.m; sourceTree = "<group>"; };
		DAD482301C72AB370063C150 /* mflowdetailprotocol.h */ = {isa = PBXFileReference; fileEncoding = 4; lastKnownFileType = sourcecode.c.h; path = mflowdetailprotocol.h; sourceTree = "<group>"; };
		DAD482321C72C1310063C150 /* clist.h */ = {isa = PBXFileReference; fileEncoding = 4; lastKnownFileType = sourcecode.c.h; path = clist.h; sourceTree = "<group>"; };
		DAD482331C72C1310063C150 /* clist.m */ = {isa = PBXFileReference; fileEncoding = 4; lastKnownFileType = sourcecode.c.objc; path = clist.m; sourceTree = "<group>"; };
		DAD482361C72C18F0063C150 /* vlist.h */ = {isa = PBXFileReference; fileEncoding = 4; lastKnownFileType = sourcecode.c.h; path = vlist.h; sourceTree = "<group>"; };
		DAD482371C72C18F0063C150 /* vlist.m */ = {isa = PBXFileReference; fileEncoding = 4; lastKnownFileType = sourcecode.c.objc; path = vlist.m; sourceTree = "<group>"; };
		DAD482391C72C1A60063C150 /* vlistcel.h */ = {isa = PBXFileReference; fileEncoding = 4; lastKnownFileType = sourcecode.c.h; path = vlistcel.h; sourceTree = "<group>"; };
		DAD4823A1C72C1A60063C150 /* vlistcel.m */ = {isa = PBXFileReference; fileEncoding = 4; lastKnownFileType = sourcecode.c.objc; path = vlistcel.m; sourceTree = "<group>"; };
		DAEACBAE1C6CEF370047ABF0 /* vflowcatalogcolor.h */ = {isa = PBXFileReference; fileEncoding = 4; lastKnownFileType = sourcecode.c.h; path = vflowcatalogcolor.h; sourceTree = "<group>"; };
		DAEACBAF1C6CEF380047ABF0 /* vflowcatalogcolor.m */ = {isa = PBXFileReference; fileEncoding = 4; lastKnownFileType = sourcecode.c.objc; path = vflowcatalogcolor.m; sourceTree = "<group>"; };
		DAEACBB11C6CEF4C0047ABF0 /* vflowcatalogcolorcel.h */ = {isa = PBXFileReference; fileEncoding = 4; lastKnownFileType = sourcecode.c.h; path = vflowcatalogcolorcel.h; sourceTree = "<group>"; };
		DAEACBB21C6CEF4C0047ABF0 /* vflowcatalogcolorcel.m */ = {isa = PBXFileReference; fileEncoding = 4; lastKnownFileType = sourcecode.c.objc; path = vflowcatalogcolorcel.m; sourceTree = "<group>"; };
		DAEACBB51C6CF19F0047ABF0 /* mflowcolors.h */ = {isa = PBXFileReference; fileEncoding = 4; lastKnownFileType = sourcecode.c.h; path = mflowcolors.h; sourceTree = "<group>"; };
		DAEACBB61C6CF19F0047ABF0 /* mflowcolors.m */ = {isa = PBXFileReference; fileEncoding = 4; lastKnownFileType = sourcecode.c.objc; path = mflowcolors.m; sourceTree = "<group>"; };
		DAEACBB81C6CF1CD0047ABF0 /* mflowcolorsprotocol.h */ = {isa = PBXFileReference; fileEncoding = 4; lastKnownFileType = sourcecode.c.h; path = mflowcolorsprotocol.h; sourceTree = "<group>"; };
		DAEACBB91C6CF1E10047ABF0 /* mflowcolorsmain.h */ = {isa = PBXFileReference; fileEncoding = 4; lastKnownFileType = sourcecode.c.h; path = mflowcolorsmain.h; sourceTree = "<group>"; };
		DAEACBBA1C6CF1E10047ABF0 /* mflowcolorsmain.m */ = {isa = PBXFileReference; fileEncoding = 4; lastKnownFileType = sourcecode.c.objc; path = mflowcolorsmain.m; sourceTree = "<group>"; };
		DAEACBBC1C6CF1EE0047ABF0 /* mflowcolorsblue.h */ = {isa = PBXFileReference; fileEncoding = 4; lastKnownFileType = sourcecode.c.h; path = mflowcolorsblue.h; sourceTree = "<group>"; };
		DAEACBBD1C6CF1EE0047ABF0 /* mflowcolorsblue.m */ = {isa = PBXFileReference; fileEncoding = 4; lastKnownFileType = sourcecode.c.objc; path = mflowcolorsblue.m; sourceTree = "<group>"; };
		DAEACBBF1C6CF1FD0047ABF0 /* mflowcolorsgreen.h */ = {isa = PBXFileReference; fileEncoding = 4; lastKnownFileType = sourcecode.c.h; path = mflowcolorsgreen.h; sourceTree = "<group>"; };
		DAEACBC01C6CF1FD0047ABF0 /* mflowcolorsgreen.m */ = {isa = PBXFileReference; fileEncoding = 4; lastKnownFileType = sourcecode.c.objc; path = mflowcolorsgreen.m; sourceTree = "<group>"; };
		DAEACBC21C6CF20F0047ABF0 /* mflowcolorsyellow.h */ = {isa = PBXFileReference; fileEncoding = 4; lastKnownFileType = sourcecode.c.h; path = mflowcolorsyellow.h; sourceTree = "<group>"; };
		DAEACBC31C6CF20F0047ABF0 /* mflowcolorsyellow.m */ = {isa = PBXFileReference; fileEncoding = 4; lastKnownFileType = sourcecode.c.objc; path = mflowcolorsyellow.m; sourceTree = "<group>"; };
		DAEACBC51C6CF21C0047ABF0 /* mflowcolorsviolet.h */ = {isa = PBXFileReference; fileEncoding = 4; lastKnownFileType = sourcecode.c.h; path = mflowcolorsviolet.h; sourceTree = "<group>"; };
		DAEACBC61C6CF21C0047ABF0 /* mflowcolorsviolet.m */ = {isa = PBXFileReference; fileEncoding = 4; lastKnownFileType = sourcecode.c.objc; path = mflowcolorsviolet.m; sourceTree = "<group>"; };
		DAEACBC81C6CF2290047ABF0 /* mflowcolorsgrey.h */ = {isa = PBXFileReference; fileEncoding = 4; lastKnownFileType = sourcecode.c.h; path = mflowcolorsgrey.h; sourceTree = "<group>"; };
		DAEACBC91C6CF2290047ABF0 /* mflowcolorsgrey.m */ = {isa = PBXFileReference; fileEncoding = 4; lastKnownFileType = sourcecode.c.objc; path = mflowcolorsgrey.m; sourceTree = "<group>"; };
		DAEACBCB1C6CF2400047ABF0 /* mflowcolorspink.h */ = {isa = PBXFileReference; fileEncoding = 4; lastKnownFileType = sourcecode.c.h; path = mflowcolorspink.h; sourceTree = "<group>"; };
		DAEACBCC1C6CF2400047ABF0 /* mflowcolorspink.m */ = {isa = PBXFileReference; fileEncoding = 4; lastKnownFileType = sourcecode.c.objc; path = mflowcolorspink.m; sourceTree = "<group>"; };
		DAEACBCE1C6D64770047ABF0 /* mflowettdec.h */ = {isa = PBXFileReference; fileEncoding = 4; lastKnownFileType = sourcecode.c.h; path = mflowettdec.h; sourceTree = "<group>"; };
		DAEACBCF1C6D64770047ABF0 /* mflowettdec.m */ = {isa = PBXFileReference; fileEncoding = 4; lastKnownFileType = sourcecode.c.objc; path = mflowettdec.m; sourceTree = "<group>"; };
		DAEACBD11C6D6D9F0047ABF0 /* mflowtext.h */ = {isa = PBXFileReference; fileEncoding = 4; lastKnownFileType = sourcecode.c.h; path = mflowtext.h; sourceTree = "<group>"; };
		DAEACBD21C6D6D9F0047ABF0 /* mflowtext.m */ = {isa = PBXFileReference; fileEncoding = 4; lastKnownFileType = sourcecode.c.objc; path = mflowtext.m; sourceTree = "<group>"; };
		DAEACBD41C6D74F10047ABF0 /* vflowstopchoosing.h */ = {isa = PBXFileReference; fileEncoding = 4; lastKnownFileType = sourcecode.c.h; path = vflowstopchoosing.h; sourceTree = "<group>"; };
		DAEACBD51C6D74F10047ABF0 /* vflowstopchoosing.m */ = {isa = PBXFileReference; fileEncoding = 4; lastKnownFileType = sourcecode.c.objc; path = vflowstopchoosing.m; sourceTree = "<group>"; };
/* End PBXFileReference section */

/* Begin PBXFrameworksBuildPhase section */
		DA0156AF1C6A68B700FAC166 /* Frameworks */ = {
			isa = PBXFrameworksBuildPhase;
			buildActionMask = 2147483647;
			files = (
				DA01572D1C6A691900FAC166 /* libtimerbg.a in Frameworks */,
				DA01572C1C6A691900FAC166 /* libdb.a in Frameworks */,
				0F1EB52D1DDFE8C50BFE54C5 /* libPods-flux.a in Frameworks */,
			);
			runOnlyForDeploymentPostprocessing = 0;
		};
/* End PBXFrameworksBuildPhase section */

/* Begin PBXGroup section */
		319D3BAB8DB921A6AB403CD4 /* Frameworks */ = {
			isa = PBXGroup;
			children = (
				0D60D1698722BA7AB93D8769 /* libPods-flux.a */,
			);
			name = Frameworks;
			sourceTree = "<group>";
		};
		8D7DD8B7A74EA5721DA4AAAC /* Pods */ = {
			isa = PBXGroup;
			children = (
				AAF852B4A434BEC12240BC1D /* Pods-flux.debug.xcconfig */,
				529AB1EEDB596610CE66AC6A /* Pods-flux.release.xcconfig */,
			);
			name = Pods;
			sourceTree = "<group>";
		};
		DA0156A91C6A68B700FAC166 = {
			isa = PBXGroup;
			children = (
				DA0156B41C6A68B700FAC166 /* flux */,
				DA0156B31C6A68B700FAC166 /* Products */,
				8D7DD8B7A74EA5721DA4AAAC /* Pods */,
				319D3BAB8DB921A6AB403CD4 /* Frameworks */,
			);
			sourceTree = "<group>";
		};
		DA0156B31C6A68B700FAC166 /* Products */ = {
			isa = PBXGroup;
			children = (
				DA0156B21C6A68B700FAC166 /* flux.app */,
			);
			name = Products;
			sourceTree = "<group>";
		};
		DA0156B41C6A68B700FAC166 /* flux */ = {
			isa = PBXGroup;
			children = (
				DA0156CC1C6A691900FAC166 /* db */,
				DA0156CF1C6A691900FAC166 /* imateq */,
				DA0156D31C6A691900FAC166 /* langteq */,
				DA0156D81C6A691900FAC166 /* sourceteq */,
				DA30A82F1C6A6DE1004F5828 /* Images.xcassets */,
			);
			path = flux;
			sourceTree = "<group>";
		};
		DA0156CC1C6A691900FAC166 /* db */ = {
			isa = PBXGroup;
			children = (
				DA0156CD1C6A691900FAC166 /* flux.db */,
			);
			path = db;
			sourceTree = "<group>";
		};
		DA0156CF1C6A691900FAC166 /* imateq */ = {
			isa = PBXGroup;
			children = (
				DA0157401C6A694300FAC166 /* in */,
				DA0156D21C6A691900FAC166 /* ui */,
			);
			path = imateq;
			sourceTree = "<group>";
		};
		DA0156D21C6A691900FAC166 /* ui */ = {
			isa = PBXGroup;
			children = (
				DAA2DCE31C6ED02300CF2B8E /* close.png */,
				DAA2DCE41C6ED02300CF2B8E /* close@2x.png */,
				DAA2DCE51C6ED02300CF2B8E /* close@3x.png */,
				DAB837D41C6ADAB000730B67 /* decision.png */,
				DAB837D51C6ADAB000730B67 /* decision@2x.png */,
				DAB837D61C6ADAB000730B67 /* decision@3x.png */,
				DAB837D71C6ADAB000730B67 /* io.png */,
				DAB837D81C6ADAB000730B67 /* io@2x.png */,
				DAB837D91C6ADAB000730B67 /* io@3x.png */,
				DAB837CE1C6AD91300730B67 /* process.png */,
				DAB837CF1C6AD91300730B67 /* process@2x.png */,
				DAB837D01C6AD91300730B67 /* process@3x.png */,
				DAB837C81C6AD6F700730B67 /* connector.png */,
				DAB837C91C6AD6F700730B67 /* connector@2x.png */,
				DAB837CA1C6AD6F700730B67 /* connector@3x.png */,
			);
			path = ui;
			sourceTree = "<group>";
		};
		DA0156D31C6A691900FAC166 /* langteq */ = {
			isa = PBXGroup;
			children = (
				DA0156D41C6A691900FAC166 /* analytics.plist */,
				DA0156D51C6A691900FAC166 /* defs.plist */,
				DA0156D61C6A691900FAC166 /* Localizable.strings */,
			);
			path = langteq;
			sourceTree = "<group>";
		};
		DA0156D81C6A691900FAC166 /* sourceteq */ = {
			isa = PBXGroup;
			children = (
				DA44B2FF1C6A6C3F00767625 /* private */,
				DA0156D91C6A691900FAC166 /* core */,
				DA0156DE1C6A691900FAC166 /* generic */,
				DA0156E71C6A691900FAC166 /* lib */,
				DA0156EC1C6A691900FAC166 /* libdb.a */,
				DA0156ED1C6A691900FAC166 /* libtimerbg.a */,
				DA0156F11C6A691900FAC166 /* source */,
			);
			path = sourceteq;
			sourceTree = "<group>";
		};
		DA0156D91C6A691900FAC166 /* core */ = {
			isa = PBXGroup;
			children = (
				DA0156DA1C6A691900FAC166 /* appdel.h */,
				DA0156DB1C6A691900FAC166 /* appdel.m */,
				DA0156DC1C6A691900FAC166 /* Info.plist */,
				DA0156DD1C6A691900FAC166 /* main.m */,
			);
			path = core;
			sourceTree = "<group>";
		};
		DA0156DE1C6A691900FAC166 /* generic */ = {
			isa = PBXGroup;
			children = (
				DA0156DF1C6A691900FAC166 /* analytics.h */,
				DA0156E01C6A691900FAC166 /* analytics.m */,
				DA0156E11C6A691900FAC166 /* constants.h */,
				DA0156E21C6A691900FAC166 /* generic.h */,
				DA0156E31C6A691900FAC166 /* tools.h */,
				DA0156E41C6A691900FAC166 /* tools.m */,
				DA0156E51C6A691900FAC166 /* updater.h */,
				DA0156E61C6A691900FAC166 /* updater.m */,
			);
			path = generic;
			sourceTree = "<group>";
		};
		DA0156E71C6A691900FAC166 /* lib */ = {
			isa = PBXGroup;
			children = (
				DA0156E81C6A691900FAC166 /* db */,
				DA0156EA1C6A691900FAC166 /* timerbg */,
			);
			path = lib;
			sourceTree = "<group>";
		};
		DA0156E81C6A691900FAC166 /* db */ = {
			isa = PBXGroup;
			children = (
				DA0156E91C6A691900FAC166 /* db.h */,
			);
			path = db;
			sourceTree = "<group>";
		};
		DA0156EA1C6A691900FAC166 /* timerbg */ = {
			isa = PBXGroup;
			children = (
				DA0156EB1C6A691900FAC166 /* timerbg.h */,
			);
			path = timerbg;
			sourceTree = "<group>";
		};
		DA0156F11C6A691900FAC166 /* source */ = {
			isa = PBXGroup;
			children = (
				DA402AA41C6E34C1001DB033 /* s */,
				DA0156F21C6A691900FAC166 /* c */,
				DA0157011C6A691900FAC166 /* m */,
				DA01570D1C6A691900FAC166 /* v */,
			);
			path = source;
			sourceTree = "<group>";
		};
		DA0156F21C6A691900FAC166 /* c */ = {
			isa = PBXGroup;
			children = (
				DA0156F31C6A691900FAC166 /* c.h */,
				DAD482311C72C1200063C150 /* list */,
				DA30A8311C6A7080004F5828 /* flow */,
				DA0156F91C6A691900FAC166 /* main */,
				DA0156FE1C6A691900FAC166 /* pages */,
			);
			path = c;
			sourceTree = "<group>";
		};
		DA0156F91C6A691900FAC166 /* main */ = {
			isa = PBXGroup;
			children = (
				DA0156FA1C6A691900FAC166 /* cmain.h */,
				DA0156FB1C6A691900FAC166 /* cmain.m */,
				DA0156FC1C6A691900FAC166 /* crate.h */,
				DA0156FD1C6A691900FAC166 /* crate.m */,
			);
			path = main;
			sourceTree = "<group>";
		};
		DA0156FE1C6A691900FAC166 /* pages */ = {
			isa = PBXGroup;
			children = (
				DA0156FF1C6A691900FAC166 /* cpages.h */,
				DA0157001C6A691900FAC166 /* cpages.m */,
			);
			path = pages;
			sourceTree = "<group>";
		};
		DA0157011C6A691900FAC166 /* m */ = {
			isa = PBXGroup;
			children = (
				DAD4821C1C72AA120063C150 /* flowdetail */,
				DAB837A51C6AAA9500730B67 /* flow */,
				DA0157021C6A691900FAC166 /* db */,
				DA0157071C6A691900FAC166 /* dirs */,
				DA01570A1C6A691900FAC166 /* general */,
				DA01570C1C6A691900FAC166 /* m.h */,
			);
			path = m;
			sourceTree = "<group>";
		};
		DA0157021C6A691900FAC166 /* db */ = {
			isa = PBXGroup;
			children = (
				DA0157031C6A691900FAC166 /* mdb.h */,
				DA0157041C6A691900FAC166 /* mdb.m */,
				DA0157051C6A691900FAC166 /* mdbcreate.h */,
				DA0157061C6A691900FAC166 /* mdbcreate.m */,
			);
			path = db;
			sourceTree = "<group>";
		};
		DA0157071C6A691900FAC166 /* dirs */ = {
			isa = PBXGroup;
			children = (
				DA0157081C6A691900FAC166 /* mdirs.h */,
				DA0157091C6A691900FAC166 /* mdirs.m */,
			);
			path = dirs;
			sourceTree = "<group>";
		};
		DA01570A1C6A691900FAC166 /* general */ = {
			isa = PBXGroup;
			children = (
				DA01570B1C6A691900FAC166 /* mgeneral.h */,
			);
			path = general;
			sourceTree = "<group>";
		};
		DA01570D1C6A691900FAC166 /* v */ = {
			isa = PBXGroup;
			children = (
				DAD482351C72C1850063C150 /* list */,
				DAD4820F1C7246CA0063C150 /* flowdetail */,
				DA30A8351C6A92FA004F5828 /* flow */,
				DA01570E1C6A691900FAC166 /* alert */,
				DA0157111C6A691900FAC166 /* general */,
				DA0157181C6A691900FAC166 /* main */,
				DA01571F1C6A691900FAC166 /* v.h */,
			);
			path = v;
			sourceTree = "<group>";
		};
		DA01570E1C6A691900FAC166 /* alert */ = {
			isa = PBXGroup;
			children = (
				DA01570F1C6A691900FAC166 /* valert.h */,
				DA0157101C6A691900FAC166 /* valert.m */,
			);
			path = alert;
			sourceTree = "<group>";
		};
		DA0157111C6A691900FAC166 /* general */ = {
			isa = PBXGroup;
			children = (
				DA0157121C6A691900FAC166 /* vblur.h */,
				DA0157131C6A691900FAC166 /* vblur.m */,
				DA0157141C6A691900FAC166 /* viewbase.h */,
				DA0157151C6A691900FAC166 /* viewbase.m */,
				DA0157161C6A691900FAC166 /* vspinner.h */,
				DA0157171C6A691900FAC166 /* vspinner.m */,
			);
			path = general;
			sourceTree = "<group>";
		};
		DA0157181C6A691900FAC166 /* main */ = {
			isa = PBXGroup;
			children = (
				DA0157191C6A691900FAC166 /* vrate.h */,
				DA01571A1C6A691900FAC166 /* vrate.m */,
				DA01571B1C6A691900FAC166 /* vratemenu.h */,
				DA01571C1C6A691900FAC166 /* vratemenu.m */,
				DA01571D1C6A691900FAC166 /* vratemenucel.h */,
				DA01571E1C6A691900FAC166 /* vratemenucel.m */,
			);
			path = main;
			sourceTree = "<group>";
		};
		DA30A8311C6A7080004F5828 /* flow */ = {
			isa = PBXGroup;
			children = (
				DA30A8321C6A708E004F5828 /* cflow.h */,
				DA30A8331C6A708E004F5828 /* cflow.m */,
				DAD4820C1C7245380063C150 /* cflowdetail.h */,
				DAD4820D1C7245380063C150 /* cflowdetail.m */,
			);
			path = flow;
			sourceTree = "<group>";
		};
		DA30A8351C6A92FA004F5828 /* flow */ = {
			isa = PBXGroup;
			children = (
				DA30A8361C6A9303004F5828 /* vflow.h */,
				DA30A8371C6A9303004F5828 /* vflow.m */,
				DA87C54A1C6C12AA00796D79 /* vflowcontent.h */,
				DA87C54B1C6C12AA00796D79 /* vflowcontent.m */,
				DA30A8391C6A9376004F5828 /* vflowett.h */,
				DA30A83A1C6A9376004F5828 /* vflowett.m */,
				DA30A83C1C6A93FB004F5828 /* vflowettcon.h */,
				DA30A83D1C6A93FB004F5828 /* vflowettcon.m */,
				DAB837AF1C6AAD1B00730B67 /* vflowpoint.h */,
				DAB837B01C6AAD1B00730B67 /* vflowpoint.m */,
				DAB837B81C6AC15100730B67 /* vflowcatalogett.h */,
				DAB837B91C6AC15100730B67 /* vflowcatalogett.m */,
				DAB837C51C6AC56D00730B67 /* vflowcatalogettcel.h */,
				DAB837C61C6AC56D00730B67 /* vflowcatalogettcel.m */,
				DA87C53E1C6BBB8B00796D79 /* vflowline.h */,
				DA87C53F1C6BBB8B00796D79 /* vflowline.m */,
				DAEACBAE1C6CEF370047ABF0 /* vflowcatalogcolor.h */,
				DAEACBAF1C6CEF380047ABF0 /* vflowcatalogcolor.m */,
				DAEACBB11C6CEF4C0047ABF0 /* vflowcatalogcolorcel.h */,
				DAEACBB21C6CEF4C0047ABF0 /* vflowcatalogcolorcel.m */,
				DAEACBD41C6D74F10047ABF0 /* vflowstopchoosing.h */,
				DAEACBD51C6D74F10047ABF0 /* vflowstopchoosing.m */,
				DAA2DCE91C6F8B7600CF2B8E /* vflowtext.h */,
				DAA2DCEA1C6F8B7600CF2B8E /* vflowtext.m */,
				DAA2DCF21C6FFAE400CF2B8E /* vflowfield.h */,
				DAA2DCF31C6FFAE400CF2B8E /* vflowfield.m */,
			);
			path = flow;
			sourceTree = "<group>";
		};
		DA402AA41C6E34C1001DB033 /* s */ = {
			isa = PBXGroup;
			children = (
				DA402AA61C6E3533001DB033 /* flow */,
				DA402AA51C6E34D1001DB033 /* s.h */,
			);
			path = s;
			sourceTree = "<group>";
		};
		DA402AA61C6E3533001DB033 /* flow */ = {
			isa = PBXGroup;
			children = (
				DA402AA71C6E3546001DB033 /* sflowlines.h */,
				DA402AA81C6E3546001DB033 /* sflowlines.m */,
				DA402AAA1C6E3760001DB033 /* sflowlinesprotocol.h */,
				DA402AAB1C6E37A8001DB033 /* sflowlinesleft.h */,
				DA402AAC1C6E37A8001DB033 /* sflowlinesleft.m */,
				DA402AAE1C6E37B2001DB033 /* sflowlinesright.h */,
				DA402AAF1C6E37B2001DB033 /* sflowlinesright.m */,
				DA402AB41C6E4B2C001DB033 /* sflowlinesup.h */,
				DA402AB51C6E4B2C001DB033 /* sflowlinesup.m */,
				DA402AB71C6E4B36001DB033 /* sflowlinesdown.h */,
				DA402AB81C6E4B36001DB033 /* sflowlinesdown.m */,
			);
			path = flow;
			sourceTree = "<group>";
		};
		DA44B2FF1C6A6C3F00767625 /* private */ = {
			isa = PBXGroup;
			children = (
				DA44B3001C6A6C3F00767625 /* private.h */,
				DA44B3011C6A6C3F00767625 /* privateconstants.h */,
			);
			path = private;
			sourceTree = "<group>";
		};
		DAB837A51C6AAA9500730B67 /* flow */ = {
			isa = PBXGroup;
			children = (
				DAB837A61C6AAB4400730B67 /* mflow.h */,
				DAB837A71C6AAB4400730B67 /* mflow.m */,
				DA87C54D1C6C444F00796D79 /* mflowettlist.h */,
				DA87C54E1C6C444F00796D79 /* mflowettlist.m */,
				DAB837A91C6AAB6600730B67 /* mflowett.h */,
				DAB837AA1C6AAB6600730B67 /* mflowett.m */,
				DAB837AC1C6AAB9C00730B67 /* mflowettcon.h */,
				DAB837AD1C6AAB9C00730B67 /* mflowettcon.m */,
				DAEACBCE1C6D64770047ABF0 /* mflowettdec.h */,
				DAEACBCF1C6D64770047ABF0 /* mflowettdec.m */,
				DAA2DCEC1C6F908700CF2B8E /* mflowettio.h */,
				DAA2DCED1C6F908700CF2B8E /* mflowettio.m */,
				DAA2DCEF1C6F909700CF2B8E /* mflowettpro.h */,
				DAA2DCF01C6F909700CF2B8E /* mflowettpro.m */,
				DAB837B21C6AB69100730B67 /* mflowpoints.h */,
				DAB837B31C6AB69100730B67 /* mflowpoints.m */,
				DAB837B51C6AB6AB00730B67 /* mflowpointsitem.h */,
				DAB837B61C6AB6AB00730B67 /* mflowpointsitem.m */,
				DAB837BB1C6AC20400730B67 /* mflowetttypes.h */,
				DAB837BC1C6AC20400730B67 /* mflowetttypes.m */,
				DAB837BE1C6AC21200730B67 /* mflowetttypesprotocol.h */,
				DAB837BF1C6AC37100730B67 /* mflowetttypescon.h */,
				DAB837C01C6AC37100730B67 /* mflowetttypescon.m */,
				DAB837C21C6AC3F200730B67 /* mflowetttypespro.h */,
				DAB837C31C6AC3F200730B67 /* mflowetttypespro.m */,
				DAB837E01C6ADB1B00730B67 /* mflowetttypesdec.h */,
				DAB837E11C6ADB1B00730B67 /* mflowetttypesdec.m */,
				DAB837E31C6ADB2900730B67 /* mflowetttypesio.h */,
				DAB837E41C6ADB2900730B67 /* mflowetttypesio.m */,
				DA87C5471C6BD3DB00796D79 /* mflowlinesitem.h */,
				DA87C5481C6BD3DB00796D79 /* mflowlinesitem.m */,
				DA87C5501C6C4C5D00796D79 /* mflowlinesitemlist.h */,
				DA87C5511C6C4C5D00796D79 /* mflowlinesitemlist.m */,
				DAEACBB51C6CF19F0047ABF0 /* mflowcolors.h */,
				DAEACBB61C6CF19F0047ABF0 /* mflowcolors.m */,
				DAEACBB81C6CF1CD0047ABF0 /* mflowcolorsprotocol.h */,
				DAEACBB91C6CF1E10047ABF0 /* mflowcolorsmain.h */,
				DAEACBBA1C6CF1E10047ABF0 /* mflowcolorsmain.m */,
				DAEACBBC1C6CF1EE0047ABF0 /* mflowcolorsblue.h */,
				DAEACBBD1C6CF1EE0047ABF0 /* mflowcolorsblue.m */,
				DAEACBBF1C6CF1FD0047ABF0 /* mflowcolorsgreen.h */,
				DAEACBC01C6CF1FD0047ABF0 /* mflowcolorsgreen.m */,
				DAEACBC21C6CF20F0047ABF0 /* mflowcolorsyellow.h */,
				DAEACBC31C6CF20F0047ABF0 /* mflowcolorsyellow.m */,
				DAEACBC51C6CF21C0047ABF0 /* mflowcolorsviolet.h */,
				DAEACBC61C6CF21C0047ABF0 /* mflowcolorsviolet.m */,
				DAEACBC81C6CF2290047ABF0 /* mflowcolorsgrey.h */,
				DAEACBC91C6CF2290047ABF0 /* mflowcolorsgrey.m */,
				DAEACBCB1C6CF2400047ABF0 /* mflowcolorspink.h */,
				DAEACBCC1C6CF2400047ABF0 /* mflowcolorspink.m */,
				DAEACBD11C6D6D9F0047ABF0 /* mflowtext.h */,
				DAEACBD21C6D6D9F0047ABF0 /* mflowtext.m */,
			);
			path = flow;
			sourceTree = "<group>";
		};
		DAD4820F1C7246CA0063C150 /* flowdetail */ = {
			isa = PBXGroup;
			children = (
				DAD482101C7246DE0063C150 /* vflowdetail.h */,
				DAD482111C7246DE0063C150 /* vflowdetail.m */,
				DAD482131C72A8350063C150 /* vflowdetailmenu.h */,
				DAD482141C72A8350063C150 /* vflowdetailmenu.m */,
				DAD482191C72A8830063C150 /* vflowdetailmenucel.h */,
				DAD4821A1C72A8830063C150 /* vflowdetailmenucel.m */,
			);
			path = flowdetail;
			sourceTree = "<group>";
		};
		DAD4821C1C72AA120063C150 /* flowdetail */ = {
			isa = PBXGroup;
			children = (
				DAD482271C72AAFC0063C150 /* mflowdetail.h */,
				DAD482281C72AAFC0063C150 /* mflowdetail.m */,
				DAD482301C72AB370063C150 /* mflowdetailprotocol.h */,
				DAD4822A1C72AB080063C150 /* mflowdetailsave.h */,
				DAD4822B1C72AB080063C150 /* mflowdetailsave.m */,
				DAD4822D1C72AB120063C150 /* mflowdetailexport.h */,
				DAD4822E1C72AB120063C150 /* mflowdetailexport.m */,
			);
			path = flowdetail;
			sourceTree = "<group>";
		};
		DAD482311C72C1200063C150 /* list */ = {
			isa = PBXGroup;
			children = (
				DAD482321C72C1310063C150 /* clist.h */,
				DAD482331C72C1310063C150 /* clist.m */,
			);
			path = list;
			sourceTree = "<group>";
		};
		DAD482351C72C1850063C150 /* list */ = {
			isa = PBXGroup;
			children = (
				DAD482361C72C18F0063C150 /* vlist.h */,
				DAD482371C72C18F0063C150 /* vlist.m */,
				DAD482391C72C1A60063C150 /* vlistcel.h */,
				DAD4823A1C72C1A60063C150 /* vlistcel.m */,
			);
			path = list;
			sourceTree = "<group>";
		};
/* End PBXGroup section */

/* Begin PBXNativeTarget section */
		DA0156B11C6A68B700FAC166 /* flux */ = {
			isa = PBXNativeTarget;
			buildConfigurationList = DA0156C91C6A68B800FAC166 /* Build configuration list for PBXNativeTarget "flux" */;
			buildPhases = (
				9A4C6AB3BCEF557B79105F16 /* Check Pods Manifest.lock */,
				DA0156AE1C6A68B700FAC166 /* Sources */,
				DA0156AF1C6A68B700FAC166 /* Frameworks */,
				DA0156B01C6A68B700FAC166 /* Resources */,
				41B194B8C0C131C66D887052 /* Embed Pods Frameworks */,
				50816CFB18D12F3779EFCAF5 /* Copy Pods Resources */,
			);
			buildRules = (
			);
			dependencies = (
			);
			name = flux;
			productName = flux;
			productReference = DA0156B21C6A68B700FAC166 /* flux.app */;
			productType = "com.apple.product-type.application";
		};
/* End PBXNativeTarget section */

/* Begin PBXProject section */
		DA0156AA1C6A68B700FAC166 /* Project object */ = {
			isa = PBXProject;
			attributes = {
				LastUpgradeCheck = 0720;
				ORGANIZATIONNAME = Iturbide;
				TargetAttributes = {
					DA0156B11C6A68B700FAC166 = {
						CreatedOnToolsVersion = 7.2;
					};
				};
			};
			buildConfigurationList = DA0156AD1C6A68B700FAC166 /* Build configuration list for PBXProject "flux" */;
			compatibilityVersion = "Xcode 3.2";
			developmentRegion = English;
			hasScannedForEncodings = 0;
			knownRegions = (
				en,
				Base,
				es,
			);
			mainGroup = DA0156A91C6A68B700FAC166;
			productRefGroup = DA0156B31C6A68B700FAC166 /* Products */;
			projectDirPath = "";
			projectRoot = "";
			targets = (
				DA0156B11C6A68B700FAC166 /* flux */,
			);
		};
/* End PBXProject section */

/* Begin PBXResourcesBuildPhase section */
		DA0156B01C6A68B700FAC166 /* Resources */ = {
			isa = PBXResourcesBuildPhase;
			buildActionMask = 2147483647;
			files = (
				DAB837CC1C6AD6F700730B67 /* connector@2x.png in Resources */,
				DA0157201C6A691900FAC166 /* flux.db in Resources */,
				DAB837DD1C6ADAB000730B67 /* io.png in Resources */,
				DAB837D21C6AD91300730B67 /* process@2x.png in Resources */,
				DA0157251C6A691900FAC166 /* Localizable.strings in Resources */,
				DAB837D31C6AD91300730B67 /* process@3x.png in Resources */,
				DAB837CD1C6AD6F700730B67 /* connector@3x.png in Resources */,
				DA30A8301C6A6DE1004F5828 /* Images.xcassets in Resources */,
				DAB837DE1C6ADAB000730B67 /* io@2x.png in Resources */,
				DAB837CB1C6AD6F700730B67 /* connector.png in Resources */,
				DAB837D11C6AD91300730B67 /* process.png in Resources */,
				DA0157231C6A691900FAC166 /* analytics.plist in Resources */,
				DAA2DCE81C6ED02300CF2B8E /* close@3x.png in Resources */,
				DA0157241C6A691900FAC166 /* defs.plist in Resources */,
				DAB837DF1C6ADAB000730B67 /* io@3x.png in Resources */,
				DAB837DC1C6ADAB000730B67 /* decision@3x.png in Resources */,
				DAA2DCE71C6ED02300CF2B8E /* close@2x.png in Resources */,
				DA0157271C6A691900FAC166 /* Info.plist in Resources */,
				DAB837DB1C6ADAB000730B67 /* decision@2x.png in Resources */,
				DA0157411C6A694300FAC166 /* in in Resources */,
				DAA2DCE61C6ED02300CF2B8E /* close.png in Resources */,
				DAB837DA1C6ADAB000730B67 /* decision.png in Resources */,
			);
			runOnlyForDeploymentPostprocessing = 0;
		};
/* End PBXResourcesBuildPhase section */

/* Begin PBXShellScriptBuildPhase section */
		41B194B8C0C131C66D887052 /* Embed Pods Frameworks */ = {
			isa = PBXShellScriptBuildPhase;
			buildActionMask = 2147483647;
			files = (
			);
			inputPaths = (
			);
			name = "Embed Pods Frameworks";
			outputPaths = (
			);
			runOnlyForDeploymentPostprocessing = 0;
			shellPath = /bin/sh;
			shellScript = "\"${SRCROOT}/Pods/Target Support Files/Pods-flux/Pods-flux-frameworks.sh\"\n";
			showEnvVarsInLog = 0;
		};
		50816CFB18D12F3779EFCAF5 /* Copy Pods Resources */ = {
			isa = PBXShellScriptBuildPhase;
			buildActionMask = 2147483647;
			files = (
			);
			inputPaths = (
			);
			name = "Copy Pods Resources";
			outputPaths = (
			);
			runOnlyForDeploymentPostprocessing = 0;
			shellPath = /bin/sh;
			shellScript = "\"${SRCROOT}/Pods/Target Support Files/Pods-flux/Pods-flux-resources.sh\"\n";
			showEnvVarsInLog = 0;
		};
		9A4C6AB3BCEF557B79105F16 /* Check Pods Manifest.lock */ = {
			isa = PBXShellScriptBuildPhase;
			buildActionMask = 2147483647;
			files = (
			);
			inputPaths = (
			);
			name = "Check Pods Manifest.lock";
			outputPaths = (
			);
			runOnlyForDeploymentPostprocessing = 0;
			shellPath = /bin/sh;
			shellScript = "diff \"${PODS_ROOT}/../Podfile.lock\" \"${PODS_ROOT}/Manifest.lock\" > /dev/null\nif [[ $? != 0 ]] ; then\n    cat << EOM\nerror: The sandbox is not in sync with the Podfile.lock. Run 'pod install' or update your CocoaPods installation.\nEOM\n    exit 1\nfi\n";
			showEnvVarsInLog = 0;
		};
/* End PBXShellScriptBuildPhase section */

/* Begin PBXSourcesBuildPhase section */
		DA0156AE1C6A68B700FAC166 /* Sources */ = {
			isa = PBXSourcesBuildPhase;
			buildActionMask = 2147483647;
			files = (
				DA402AA91C6E3546001DB033 /* sflowlines.m in Sources */,
				DA0157331C6A691900FAC166 /* mdb.m in Sources */,
				DAB837C71C6AC56D00730B67 /* vflowcatalogettcel.m in Sources */,
				DA0157281C6A691900FAC166 /* main.m in Sources */,
				DAEACBCA1C6CF2290047ABF0 /* mflowcolorsgrey.m in Sources */,
				DAB837BA1C6AC15100730B67 /* vflowcatalogett.m in Sources */,
				DAEACBD61C6D74F10047ABF0 /* vflowstopchoosing.m in Sources */,
				DAB837AE1C6AAB9C00730B67 /* mflowettcon.m in Sources */,
				DAEACBD31C6D6D9F0047ABF0 /* mflowtext.m in Sources */,
				DAD482121C7246DE0063C150 /* vflowdetail.m in Sources */,
				DAD482151C72A8350063C150 /* vflowdetailmenu.m in Sources */,
				DAD4822C1C72AB080063C150 /* mflowdetailsave.m in Sources */,
				DA87C54C1C6C12AA00796D79 /* vflowcontent.m in Sources */,
				DA87C54F1C6C444F00796D79 /* mflowettlist.m in Sources */,
				DA0157301C6A691900FAC166 /* cmain.m in Sources */,
				DAD4820E1C7245380063C150 /* cflowdetail.m in Sources */,
				DAA2DCF11C6F909700CF2B8E /* mflowettpro.m in Sources */,
				DAEACBBE1C6CF1EE0047ABF0 /* mflowcolorsblue.m in Sources */,
				DAB837C41C6AC3F200730B67 /* mflowetttypespro.m in Sources */,
				DA01573C1C6A691900FAC166 /* vratemenucel.m in Sources */,
				DAA2DCF41C6FFAE400CF2B8E /* vflowfield.m in Sources */,
				DAB837B71C6AB6AB00730B67 /* mflowpointsitem.m in Sources */,
				DAB837A81C6AAB4400730B67 /* mflow.m in Sources */,
				DAB837C11C6AC37100730B67 /* mflowetttypescon.m in Sources */,
				DAEACBC71C6CF21C0047ABF0 /* mflowcolorsviolet.m in Sources */,
				DA0157311C6A691900FAC166 /* crate.m in Sources */,
				DA30A83B1C6A9376004F5828 /* vflowett.m in Sources */,
				DAD482381C72C18F0063C150 /* vlist.m in Sources */,
				DAEACBCD1C6CF2400047ABF0 /* mflowcolorspink.m in Sources */,
				DAEACBC41C6CF20F0047ABF0 /* mflowcolorsyellow.m in Sources */,
				DAB837AB1C6AAB6600730B67 /* mflowett.m in Sources */,
				DAB837E51C6ADB2900730B67 /* mflowetttypesio.m in Sources */,
				DAB837BD1C6AC20400730B67 /* mflowetttypes.m in Sources */,
				DA87C5401C6BBB8B00796D79 /* vflowline.m in Sources */,
				DA01573B1C6A691900FAC166 /* vratemenu.m in Sources */,
				DA0157341C6A691900FAC166 /* mdbcreate.m in Sources */,
				DAEACBBB1C6CF1E10047ABF0 /* mflowcolorsmain.m in Sources */,
				DA01573A1C6A691900FAC166 /* vrate.m in Sources */,
				DA30A8341C6A708E004F5828 /* cflow.m in Sources */,
				DA0157371C6A691900FAC166 /* vblur.m in Sources */,
				DAB837E21C6ADB1B00730B67 /* mflowetttypesdec.m in Sources */,
				DAEACBB01C6CEF380047ABF0 /* vflowcatalogcolor.m in Sources */,
				DA0157261C6A691900FAC166 /* appdel.m in Sources */,
				DAD4823B1C72C1A60063C150 /* vlistcel.m in Sources */,
				DAB837B41C6AB69100730B67 /* mflowpoints.m in Sources */,
				DAD482341C72C1310063C150 /* clist.m in Sources */,
				DA0157361C6A691900FAC166 /* valert.m in Sources */,
				DAD4822F1C72AB120063C150 /* mflowdetailexport.m in Sources */,
				DA0157391C6A691900FAC166 /* vspinner.m in Sources */,
				DA402AB91C6E4B36001DB033 /* sflowlinesdown.m in Sources */,
				DAEACBB71C6CF19F0047ABF0 /* mflowcolors.m in Sources */,
				DA0157321C6A691900FAC166 /* cpages.m in Sources */,
				DAD4821B1C72A8830063C150 /* vflowdetailmenucel.m in Sources */,
				DA0157381C6A691900FAC166 /* viewbase.m in Sources */,
				DAEACBB31C6CEF4C0047ABF0 /* vflowcatalogcolorcel.m in Sources */,
				DA0157291C6A691900FAC166 /* analytics.m in Sources */,
				DA30A83E1C6A93FB004F5828 /* vflowettcon.m in Sources */,
				DA30A8381C6A9303004F5828 /* vflow.m in Sources */,
				DA0157351C6A691900FAC166 /* mdirs.m in Sources */,
				DAA2DCEE1C6F908700CF2B8E /* mflowettio.m in Sources */,
				DAA2DCEB1C6F8B7600CF2B8E /* vflowtext.m in Sources */,
				DAEACBC11C6CF1FD0047ABF0 /* mflowcolorsgreen.m in Sources */,
				DA87C5491C6BD3DB00796D79 /* mflowlinesitem.m in Sources */,
				DAB837B11C6AAD1B00730B67 /* vflowpoint.m in Sources */,
				DA01572A1C6A691900FAC166 /* tools.m in Sources */,
				DA402AB61C6E4B2C001DB033 /* sflowlinesup.m in Sources */,
				DA402AB01C6E37B2001DB033 /* sflowlinesright.m in Sources */,
				DA402AAD1C6E37A8001DB033 /* sflowlinesleft.m in Sources */,
				DA01572B1C6A691900FAC166 /* updater.m in Sources */,
				DAD482291C72AAFC0063C150 /* mflowdetail.m in Sources */,
				DAEACBD01C6D64770047ABF0 /* mflowettdec.m in Sources */,
				DA87C5521C6C4C5D00796D79 /* mflowlinesitemlist.m in Sources */,
			);
			runOnlyForDeploymentPostprocessing = 0;
		};
/* End PBXSourcesBuildPhase section */

/* Begin PBXVariantGroup section */
		DA0156D61C6A691900FAC166 /* Localizable.strings */ = {
			isa = PBXVariantGroup;
			children = (
				DA0156D71C6A691900FAC166 /* en */,
				DA0157461C6A6B2000FAC166 /* es */,
			);
			name = Localizable.strings;
			sourceTree = "<group>";
		};
/* End PBXVariantGroup section */

/* Begin XCBuildConfiguration section */
		DA0156C71C6A68B800FAC166 /* Debug */ = {
			isa = XCBuildConfiguration;
			buildSettings = {
				ALWAYS_SEARCH_USER_PATHS = NO;
				CLANG_CXX_LANGUAGE_STANDARD = "gnu++0x";
				CLANG_CXX_LIBRARY = "libc++";
				CLANG_ENABLE_MODULES = YES;
				CLANG_ENABLE_OBJC_ARC = YES;
				CLANG_WARN_BOOL_CONVERSION = YES;
				CLANG_WARN_CONSTANT_CONVERSION = YES;
				CLANG_WARN_DIRECT_OBJC_ISA_USAGE = YES_ERROR;
				CLANG_WARN_EMPTY_BODY = YES;
				CLANG_WARN_ENUM_CONVERSION = YES;
				CLANG_WARN_INT_CONVERSION = YES;
				CLANG_WARN_OBJC_ROOT_CLASS = YES_ERROR;
				CLANG_WARN_UNREACHABLE_CODE = YES;
				CLANG_WARN__DUPLICATE_METHOD_MATCH = YES;
				"CODE_SIGN_IDENTITY[sdk=iphoneos*]" = "iPhone Developer";
				COPY_PHASE_STRIP = NO;
				DEBUG_INFORMATION_FORMAT = dwarf;
				ENABLE_STRICT_OBJC_MSGSEND = YES;
				ENABLE_TESTABILITY = YES;
				GCC_C_LANGUAGE_STANDARD = gnu99;
				GCC_DYNAMIC_NO_PIC = NO;
				GCC_NO_COMMON_BLOCKS = YES;
				GCC_OPTIMIZATION_LEVEL = 0;
				GCC_PREPROCESSOR_DEFINITIONS = (
					"DEBUG=1",
					"$(inherited)",
				);
				GCC_WARN_64_TO_32_BIT_CONVERSION = YES;
				GCC_WARN_ABOUT_RETURN_TYPE = YES_ERROR;
				GCC_WARN_UNDECLARED_SELECTOR = YES;
				GCC_WARN_UNINITIALIZED_AUTOS = YES_AGGRESSIVE;
				GCC_WARN_UNUSED_FUNCTION = YES;
				GCC_WARN_UNUSED_VARIABLE = YES;
				IPHONEOS_DEPLOYMENT_TARGET = 7.0;
				MTL_ENABLE_DEBUG_INFO = YES;
				ONLY_ACTIVE_ARCH = YES;
				SDKROOT = iphoneos;
				TARGETED_DEVICE_FAMILY = "1,2";
			};
			name = Debug;
		};
		DA0156C81C6A68B800FAC166 /* Release */ = {
			isa = XCBuildConfiguration;
			buildSettings = {
				ALWAYS_SEARCH_USER_PATHS = NO;
				CLANG_CXX_LANGUAGE_STANDARD = "gnu++0x";
				CLANG_CXX_LIBRARY = "libc++";
				CLANG_ENABLE_MODULES = YES;
				CLANG_ENABLE_OBJC_ARC = YES;
				CLANG_WARN_BOOL_CONVERSION = YES;
				CLANG_WARN_CONSTANT_CONVERSION = YES;
				CLANG_WARN_DIRECT_OBJC_ISA_USAGE = YES_ERROR;
				CLANG_WARN_EMPTY_BODY = YES;
				CLANG_WARN_ENUM_CONVERSION = YES;
				CLANG_WARN_INT_CONVERSION = YES;
				CLANG_WARN_OBJC_ROOT_CLASS = YES_ERROR;
				CLANG_WARN_UNREACHABLE_CODE = YES;
				CLANG_WARN__DUPLICATE_METHOD_MATCH = YES;
				"CODE_SIGN_IDENTITY[sdk=iphoneos*]" = "iPhone Developer";
				COPY_PHASE_STRIP = NO;
				DEBUG_INFORMATION_FORMAT = "dwarf-with-dsym";
				ENABLE_NS_ASSERTIONS = NO;
				ENABLE_STRICT_OBJC_MSGSEND = YES;
				GCC_C_LANGUAGE_STANDARD = gnu99;
				GCC_NO_COMMON_BLOCKS = YES;
				GCC_WARN_64_TO_32_BIT_CONVERSION = YES;
				GCC_WARN_ABOUT_RETURN_TYPE = YES_ERROR;
				GCC_WARN_UNDECLARED_SELECTOR = YES;
				GCC_WARN_UNINITIALIZED_AUTOS = YES_AGGRESSIVE;
				GCC_WARN_UNUSED_FUNCTION = YES;
				GCC_WARN_UNUSED_VARIABLE = YES;
				IPHONEOS_DEPLOYMENT_TARGET = 7.0;
				MTL_ENABLE_DEBUG_INFO = NO;
				SDKROOT = iphoneos;
				TARGETED_DEVICE_FAMILY = "1,2";
				VALIDATE_PRODUCT = YES;
			};
			name = Release;
		};
		DA0156CA1C6A68B800FAC166 /* Debug */ = {
			isa = XCBuildConfiguration;
			baseConfigurationReference = AAF852B4A434BEC12240BC1D /* Pods-flux.debug.xcconfig */;
			buildSettings = {
				ASSETCATALOG_COMPILER_APPICON_NAME = AppIcon;
				ASSETCATALOG_COMPILER_LAUNCHIMAGE_NAME = "Brand Assets";
				ENABLE_BITCODE = NO;
				INFOPLIST_FILE = "$(SRCROOT)/flux/sourceteq/core/Info.plist";
				LD_RUNPATH_SEARCH_PATHS = "$(inherited) @executable_path/Frameworks";
				LIBRARY_SEARCH_PATHS = (
					"$(inherited)",
					"$(PROJECT_DIR)/flux/sourceteq",
				);
				PRODUCT_BUNDLE_IDENTIFIER = iturbide.flux;
				PRODUCT_NAME = "$(TARGET_NAME)";
				TARGETED_DEVICE_FAMILY = "1,2";
			};
			name = Debug;
		};
		DA0156CB1C6A68B800FAC166 /* Release */ = {
			isa = XCBuildConfiguration;
			baseConfigurationReference = 529AB1EEDB596610CE66AC6A /* Pods-flux.release.xcconfig */;
			buildSettings = {
				ASSETCATALOG_COMPILER_APPICON_NAME = AppIcon;
				ASSETCATALOG_COMPILER_LAUNCHIMAGE_NAME = "Brand Assets";
				ENABLE_BITCODE = NO;
				INFOPLIST_FILE = "$(SRCROOT)/flux/sourceteq/core/Info.plist";
				LD_RUNPATH_SEARCH_PATHS = "$(inherited) @executable_path/Frameworks";
				LIBRARY_SEARCH_PATHS = (
					"$(inherited)",
					"$(PROJECT_DIR)/flux/sourceteq",
				);
				PRODUCT_BUNDLE_IDENTIFIER = iturbide.flux;
				PRODUCT_NAME = "$(TARGET_NAME)";
				TARGETED_DEVICE_FAMILY = "1,2";
			};
			name = Release;
		};
/* End XCBuildConfiguration section */

/* Begin XCConfigurationList section */
		DA0156AD1C6A68B700FAC166 /* Build configuration list for PBXProject "flux" */ = {
			isa = XCConfigurationList;
			buildConfigurations = (
				DA0156C71C6A68B800FAC166 /* Debug */,
				DA0156C81C6A68B800FAC166 /* Release */,
			);
			defaultConfigurationIsVisible = 0;
			defaultConfigurationName = Release;
		};
		DA0156C91C6A68B800FAC166 /* Build configuration list for PBXNativeTarget "flux" */ = {
			isa = XCConfigurationList;
			buildConfigurations = (
				DA0156CA1C6A68B800FAC166 /* Debug */,
				DA0156CB1C6A68B800FAC166 /* Release */,
			);
			defaultConfigurationIsVisible = 0;
			defaultConfigurationName = Release;
		};
/* End XCConfigurationList section */
	};
	rootObject = DA0156AA1C6A68B700FAC166 /* Project object */;
}
